// !$*UTF8*$!
{
	archiveVersion = 1;
	classes = {
	};
	objectVersion = 55;
	objects = {

/* Begin PBXBuildFile section */
		F104B9D728E562FA00A2C276 /* AppDelegate.swift in Sources */ = {isa = PBXBuildFile; fileRef = F104B9D628E562FA00A2C276 /* AppDelegate.swift */; };
		F104B9D928E562FA00A2C276 /* SceneDelegate.swift in Sources */ = {isa = PBXBuildFile; fileRef = F104B9D828E562FA00A2C276 /* SceneDelegate.swift */; };
		F104B9DB28E562FA00A2C276 /* HomeViewController.swift in Sources */ = {isa = PBXBuildFile; fileRef = F104B9DA28E562FA00A2C276 /* HomeViewController.swift */; };
		F104B9DE28E562FA00A2C276 /* Main.storyboard in Resources */ = {isa = PBXBuildFile; fileRef = F104B9DC28E562FA00A2C276 /* Main.storyboard */; };
		F104B9E028E562FC00A2C276 /* Assets.xcassets in Resources */ = {isa = PBXBuildFile; fileRef = F104B9DF28E562FC00A2C276 /* Assets.xcassets */; };
		F104B9E328E562FC00A2C276 /* LaunchScreen.storyboard in Resources */ = {isa = PBXBuildFile; fileRef = F104B9E128E562FC00A2C276 /* LaunchScreen.storyboard */; };
		F104B9EC28E5ACAE00A2C276 /* HomeCollectionViewCell.swift in Sources */ = {isa = PBXBuildFile; fileRef = F104B9EA28E5ACAE00A2C276 /* HomeCollectionViewCell.swift */; };
		F104B9ED28E5ACAE00A2C276 /* HomeCollectionViewCell.xib in Resources */ = {isa = PBXBuildFile; fileRef = F104B9EB28E5ACAE00A2C276 /* HomeCollectionViewCell.xib */; };
		F1582DBF28E618BA0016D4F1 /* DetailsViewController.swift in Sources */ = {isa = PBXBuildFile; fileRef = F1582DBE28E618BA0016D4F1 /* DetailsViewController.swift */; };
		F1582DC228E618FD0016D4F1 /* DetailsTableViewCell.swift in Sources */ = {isa = PBXBuildFile; fileRef = F1582DC028E618FD0016D4F1 /* DetailsTableViewCell.swift */; };
		F1582DC328E618FD0016D4F1 /* DetailsTableViewCell.xib in Resources */ = {isa = PBXBuildFile; fileRef = F1582DC128E618FD0016D4F1 /* DetailsTableViewCell.xib */; };
/* End PBXBuildFile section */

/* Begin PBXFileReference section */
		F104B9D328E562FA00A2C276 /* fmss-ios-bootcamp-homework-4.app */ = {isa = PBXFileReference; explicitFileType = wrapper.application; includeInIndex = 0; path = "fmss-ios-bootcamp-homework-4.app"; sourceTree = BUILT_PRODUCTS_DIR; };
		F104B9D628E562FA00A2C276 /* AppDelegate.swift */ = {isa = PBXFileReference; lastKnownFileType = sourcecode.swift; path = AppDelegate.swift; sourceTree = "<group>"; };
		F104B9D828E562FA00A2C276 /* SceneDelegate.swift */ = {isa = PBXFileReference; lastKnownFileType = sourcecode.swift; path = SceneDelegate.swift; sourceTree = "<group>"; };
		F104B9DA28E562FA00A2C276 /* HomeViewController.swift */ = {isa = PBXFileReference; lastKnownFileType = sourcecode.swift; path = HomeViewController.swift; sourceTree = "<group>"; };
		F104B9DD28E562FA00A2C276 /* Base */ = {isa = PBXFileReference; lastKnownFileType = file.storyboard; name = Base; path = Base.lproj/Main.storyboard; sourceTree = "<group>"; };
		F104B9DF28E562FC00A2C276 /* Assets.xcassets */ = {isa = PBXFileReference; lastKnownFileType = folder.assetcatalog; path = Assets.xcassets; sourceTree = "<group>"; };
		F104B9E228E562FC00A2C276 /* Base */ = {isa = PBXFileReference; lastKnownFileType = file.storyboard; name = Base; path = Base.lproj/LaunchScreen.storyboard; sourceTree = "<group>"; };
		F104B9E428E562FC00A2C276 /* Info.plist */ = {isa = PBXFileReference; lastKnownFileType = text.plist.xml; path = Info.plist; sourceTree = "<group>"; };
		F104B9EA28E5ACAE00A2C276 /* HomeCollectionViewCell.swift */ = {isa = PBXFileReference; lastKnownFileType = sourcecode.swift; path = HomeCollectionViewCell.swift; sourceTree = "<group>"; };
		F104B9EB28E5ACAE00A2C276 /* HomeCollectionViewCell.xib */ = {isa = PBXFileReference; lastKnownFileType = file.xib; path = HomeCollectionViewCell.xib; sourceTree = "<group>"; };
		F1582DBE28E618BA0016D4F1 /* DetailsViewController.swift */ = {isa = PBXFileReference; lastKnownFileType = sourcecode.swift; path = DetailsViewController.swift; sourceTree = "<group>"; };
		F1582DC028E618FD0016D4F1 /* DetailsTableViewCell.swift */ = {isa = PBXFileReference; lastKnownFileType = sourcecode.swift; path = DetailsTableViewCell.swift; sourceTree = "<group>"; };
		F1582DC128E618FD0016D4F1 /* DetailsTableViewCell.xib */ = {isa = PBXFileReference; lastKnownFileType = file.xib; path = DetailsTableViewCell.xib; sourceTree = "<group>"; };
/* End PBXFileReference section */

/* Begin PBXFrameworksBuildPhase section */
		F104B9D028E562FA00A2C276 /* Frameworks */ = {
			isa = PBXFrameworksBuildPhase;
			buildActionMask = 2147483647;
			files = (
			);
			runOnlyForDeploymentPostprocessing = 0;
		};
/* End PBXFrameworksBuildPhase section */

/* Begin PBXGroup section */
		F104B9CA28E562FA00A2C276 = {
			isa = PBXGroup;
			children = (
				F104B9D528E562FA00A2C276 /* fmss-ios-bootcamp-homework-4 */,
				F104B9D428E562FA00A2C276 /* Products */,
			);
			sourceTree = "<group>";
		};
		F104B9D428E562FA00A2C276 /* Products */ = {
			isa = PBXGroup;
			children = (
				F104B9D328E562FA00A2C276 /* fmss-ios-bootcamp-homework-4.app */,
			);
			name = Products;
			sourceTree = "<group>";
		};
		F104B9D528E562FA00A2C276 /* fmss-ios-bootcamp-homework-4 */ = {
			isa = PBXGroup;
			children = (
				F104B9D628E562FA00A2C276 /* AppDelegate.swift */,
				F104B9D828E562FA00A2C276 /* SceneDelegate.swift */,
				F104B9DA28E562FA00A2C276 /* HomeViewController.swift */,
				F1582DBE28E618BA0016D4F1 /* DetailsViewController.swift */,
				F104B9DC28E562FA00A2C276 /* Main.storyboard */,
				F104B9DF28E562FC00A2C276 /* Assets.xcassets */,
				F104B9E128E562FC00A2C276 /* LaunchScreen.storyboard */,
				F104B9E428E562FC00A2C276 /* Info.plist */,
				F104B9EA28E5ACAE00A2C276 /* HomeCollectionViewCell.swift */,
				F104B9EB28E5ACAE00A2C276 /* HomeCollectionViewCell.xib */,
				F1582DC028E618FD0016D4F1 /* DetailsTableViewCell.swift */,
				F1582DC128E618FD0016D4F1 /* DetailsTableViewCell.xib */,
			);
			path = "fmss-ios-bootcamp-homework-4";
			sourceTree = "<group>";
		};
/* End PBXGroup section */

/* Begin PBXNativeTarget section */
		F104B9D228E562FA00A2C276 /* fmss-ios-bootcamp-homework-4 */ = {
			isa = PBXNativeTarget;
			buildConfigurationList = F104B9E728E562FC00A2C276 /* Build configuration list for PBXNativeTarget "fmss-ios-bootcamp-homework-4" */;
			buildPhases = (
				F104B9CF28E562FA00A2C276 /* Sources */,
				F104B9D028E562FA00A2C276 /* Frameworks */,
				F104B9D128E562FA00A2C276 /* Resources */,
			);
			buildRules = (
			);
			dependencies = (
			);
			name = "fmss-ios-bootcamp-homework-4";
			productName = "fmss-ios-bootcamp-homework-4";
			productReference = F104B9D328E562FA00A2C276 /* fmss-ios-bootcamp-homework-4.app */;
			productType = "com.apple.product-type.application";
		};
/* End PBXNativeTarget section */

/* Begin PBXProject section */
		F104B9CB28E562FA00A2C276 /* Project object */ = {
			isa = PBXProject;
			attributes = {
				BuildIndependentTargetsInParallel = 1;
				LastSwiftUpdateCheck = 1340;
				LastUpgradeCheck = 1340;
				TargetAttributes = {
					F104B9D228E562FA00A2C276 = {
						CreatedOnToolsVersion = 13.4.1;
					};
				};
			};
			buildConfigurationList = F104B9CE28E562FA00A2C276 /* Build configuration list for PBXProject "fmss-ios-bootcamp-homework-4" */;
			compatibilityVersion = "Xcode 13.0";
			developmentRegion = en;
			hasScannedForEncodings = 0;
			knownRegions = (
				en,
				Base,
			);
			mainGroup = F104B9CA28E562FA00A2C276;
			productRefGroup = F104B9D428E562FA00A2C276 /* Products */;
			projectDirPath = "";
			projectRoot = "";
			targets = (
				F104B9D228E562FA00A2C276 /* fmss-ios-bootcamp-homework-4 */,
			);
		};
/* End PBXProject section */

/* Begin PBXResourcesBuildPhase section */
		F104B9D128E562FA00A2C276 /* Resources */ = {
			isa = PBXResourcesBuildPhase;
			buildActionMask = 2147483647;
			files = (
				F1582DC328E618FD0016D4F1 /* DetailsTableViewCell.xib in Resources */,
				F104B9E328E562FC00A2C276 /* LaunchScreen.storyboard in Resources */,
				F104B9E028E562FC00A2C276 /* Assets.xcassets in Resources */,
				F104B9DE28E562FA00A2C276 /* Main.storyboard in Resources */,
				F104B9ED28E5ACAE00A2C276 /* HomeCollectionViewCell.xib in Resources */,
			);
			runOnlyForDeploymentPostprocessing = 0;
		};
/* End PBXResourcesBuildPhase section */

/* Begin PBXSourcesBuildPhase section */
		F104B9CF28E562FA00A2C276 /* Sources */ = {
			isa = PBXSourcesBuildPhase;
			buildActionMask = 2147483647;
			files = (
				F1582DC228E618FD0016D4F1 /* DetailsTableViewCell.swift in Sources */,
				F104B9DB28E562FA00A2C276 /* HomeViewController.swift in Sources */,
				F104B9D728E562FA00A2C276 /* AppDelegate.swift in Sources */,
				F104B9D928E562FA00A2C276 /* SceneDelegate.swift in Sources */,
				F104B9EC28E5ACAE00A2C276 /* HomeCollectionViewCell.swift in Sources */,
				F1582DBF28E618BA0016D4F1 /* DetailsViewController.swift in Sources */,
			);
			runOnlyForDeploymentPostprocessing = 0;
		};
/* End PBXSourcesBuildPhase section */

/* Begin PBXVariantGroup section */
		F104B9DC28E562FA00A2C276 /* Main.storyboard */ = {
			isa = PBXVariantGroup;
			children = (
				F104B9DD28E562FA00A2C276 /* Base */,
			);
			name = Main.storyboard;
			sourceTree = "<group>";
		};
		F104B9E128E562FC00A2C276 /* LaunchScreen.storyboard */ = {
			isa = PBXVariantGroup;
			children = (
				F104B9E228E562FC00A2C276 /* Base */,
			);
			name = LaunchScreen.storyboard;
			sourceTree = "<group>";
		};
/* End PBXVariantGroup section */

/* Begin XCBuildConfiguration section */
		F104B9E528E562FC00A2C276 /* Debug */ = {
			isa = XCBuildConfiguration;
			buildSettings = {
				ALWAYS_SEARCH_USER_PATHS = NO;
				CLANG_ANALYZER_NONNULL = YES;
				CLANG_ANALYZER_NUMBER_OBJECT_CONVERSION = YES_AGGRESSIVE;
				CLANG_CXX_LANGUAGE_STANDARD = "gnu++17";
				CLANG_ENABLE_MODULES = YES;
				CLANG_ENABLE_OBJC_ARC = YES;
				CLANG_ENABLE_OBJC_WEAK = YES;
				CLANG_WARN_BLOCK_CAPTURE_AUTORELEASING = YES;
				CLANG_WARN_BOOL_CONVERSION = YES;
				CLANG_WARN_COMMA = YES;
				CLANG_WARN_CONSTANT_CONVERSION = YES;
				CLANG_WARN_DEPRECATED_OBJC_IMPLEMENTATIONS = YES;
				CLANG_WARN_DIRECT_OBJC_ISA_USAGE = YES_ERROR;
				CLANG_WARN_DOCUMENTATION_COMMENTS = YES;
				CLANG_WARN_EMPTY_BODY = YES;
				CLANG_WARN_ENUM_CONVERSION = YES;
				CLANG_WARN_INFINITE_RECURSION = YES;
				CLANG_WARN_INT_CONVERSION = YES;
				CLANG_WARN_NON_LITERAL_NULL_CONVERSION = YES;
				CLANG_WARN_OBJC_IMPLICIT_RETAIN_SELF = YES;
				CLANG_WARN_OBJC_LITERAL_CONVERSION = YES;
				CLANG_WARN_OBJC_ROOT_CLASS = YES_ERROR;
				CLANG_WARN_QUOTED_INCLUDE_IN_FRAMEWORK_HEADER = YES;
				CLANG_WARN_RANGE_LOOP_ANALYSIS = YES;
				CLANG_WARN_STRICT_PROTOTYPES = YES;
				CLANG_WARN_SUSPICIOUS_MOVE = YES;
				CLANG_WARN_UNGUARDED_AVAILABILITY = YES_AGGRESSIVE;
				CLANG_WARN_UNREACHABLE_CODE = YES;
				CLANG_WARN__DUPLICATE_METHOD_MATCH = YES;
				COPY_PHASE_STRIP = NO;
				DEBUG_INFORMATION_FORMAT = dwarf;
				ENABLE_STRICT_OBJC_MSGSEND = YES;
				ENABLE_TESTABILITY = YES;
				GCC_C_LANGUAGE_STANDARD = gnu11;
				GCC_DYNAMIC_NO_PIC = NO;
				GCC_NO_COMMON_BLOCKS = YES;
				GCC_OPTIMIZATION_LEVEL = 0;
				GCC_PREPROCESSOR_DEFINITIONS = (
					"DEBUG=1",
					"$(inherited)",
				);
				GCC_WARN_64_TO_32_BIT_CONVERSION = YES;
				GCC_WARN_ABOUT_RETURN_TYPE = YES_ERROR;
				GCC_WARN_UNDECLARED_SELECTOR = YES;
				GCC_WARN_UNINITIALIZED_AUTOS = YES_AGGRESSIVE;
				GCC_WARN_UNUSED_FUNCTION = YES;
				GCC_WARN_UNUSED_VARIABLE = YES;
				IPHONEOS_DEPLOYMENT_TARGET = 15.5;
				MTL_ENABLE_DEBUG_INFO = INCLUDE_SOURCE;
				MTL_FAST_MATH = YES;
				ONLY_ACTIVE_ARCH = YES;
				SDKROOT = iphoneos;
				SWIFT_ACTIVE_COMPILATION_CONDITIONS = DEBUG;
				SWIFT_OPTIMIZATION_LEVEL = "-Onone";
			};
			name = Debug;
		};
		F104B9E628E562FC00A2C276 /* Release */ = {
			isa = XCBuildConfiguration;
			buildSettings = {
				ALWAYS_SEARCH_USER_PATHS = NO;
				CLANG_ANALYZER_NONNULL = YES;
				CLANG_ANALYZER_NUMBER_OBJECT_CONVERSION = YES_AGGRESSIVE;
				CLANG_CXX_LANGUAGE_STANDARD = "gnu++17";
				CLANG_ENABLE_MODULES = YES;
				CLANG_ENABLE_OBJC_ARC = YES;
				CLANG_ENABLE_OBJC_WEAK = YES;
				CLANG_WARN_BLOCK_CAPTURE_AUTORELEASING = YES;
				CLANG_WARN_BOOL_CONVERSION = YES;
				CLANG_WARN_COMMA = YES;
				CLANG_WARN_CONSTANT_CONVERSION = YES;
				CLANG_WARN_DEPRECATED_OBJC_IMPLEMENTATIONS = YES;
				CLANG_WARN_DIRECT_OBJC_ISA_USAGE = YES_ERROR;
				CLANG_WARN_DOCUMENTATION_COMMENTS = YES;
				CLANG_WARN_EMPTY_BODY = YES;
				CLANG_WARN_ENUM_CONVERSION = YES;
				CLANG_WARN_INFINITE_RECURSION = YES;
				CLANG_WARN_INT_CONVERSION = YES;
				CLANG_WARN_NON_LITERAL_NULL_CONVERSION = YES;
				CLANG_WARN_OBJC_IMPLICIT_RETAIN_SELF = YES;
				CLANG_WARN_OBJC_LITERAL_CONVERSION = YES;
				CLANG_WARN_OBJC_ROOT_CLASS = YES_ERROR;
				CLANG_WARN_QUOTED_INCLUDE_IN_FRAMEWORK_HEADER = YES;
				CLANG_WARN_RANGE_LOOP_ANALYSIS = YES;
				CLANG_WARN_STRICT_PROTOTYPES = YES;
				CLANG_WARN_SUSPICIOUS_MOVE = YES;
				CLANG_WARN_UNGUARDED_AVAILABILITY = YES_AGGRESSIVE;
				CLANG_WARN_UNREACHABLE_CODE = YES;
				CLANG_WARN__DUPLICATE_METHOD_MATCH = YES;
				COPY_PHASE_STRIP = NO;
				DEBUG_INFORMATION_FORMAT = "dwarf-with-dsym";
				ENABLE_NS_ASSERTIONS = NO;
				ENABLE_STRICT_OBJC_MSGSEND = YES;
				GCC_C_LANGUAGE_STANDARD = gnu11;
				GCC_NO_COMMON_BLOCKS = YES;
				GCC_WARN_64_TO_32_BIT_CONVERSION = YES;
				GCC_WARN_ABOUT_RETURN_TYPE = YES_ERROR;
				GCC_WARN_UNDECLARED_SELECTOR = YES;
				GCC_WARN_UNINITIALIZED_AUTOS = YES_AGGRESSIVE;
				GCC_WARN_UNUSED_FUNCTION = YES;
				GCC_WARN_UNUSED_VARIABLE = YES;
				IPHONEOS_DEPLOYMENT_TARGET = 15.5;
				MTL_ENABLE_DEBUG_INFO = NO;
				MTL_FAST_MATH = YES;
				SDKROOT = iphoneos;
				SWIFT_COMPILATION_MODE = wholemodule;
				SWIFT_OPTIMIZATION_LEVEL = "-O";
				VALIDATE_PRODUCT = YES;
			};
			name = Release;
		};
		F104B9E828E562FC00A2C276 /* Debug */ = {
			isa = XCBuildConfiguration;
			buildSettings = {
				ASSETCATALOG_COMPILER_APPICON_NAME = AppIcon;
				ASSETCATALOG_COMPILER_GLOBAL_ACCENT_COLOR_NAME = AccentColor;
				CODE_SIGN_STYLE = Automatic;
				CURRENT_PROJECT_VERSION = 1;
				DEVELOPMENT_TEAM = A9S7ZDQSZC;
				GENERATE_INFOPLIST_FILE = YES;
				INFOPLIST_FILE = "fmss-ios-bootcamp-homework-4/Info.plist";
				INFOPLIST_KEY_CFBundleDisplayName = "Travel App";
				INFOPLIST_KEY_UIApplicationSupportsIndirectInputEvents = YES;
				INFOPLIST_KEY_UILaunchStoryboardName = LaunchScreen;
				INFOPLIST_KEY_UIMainStoryboardFile = Main;
				INFOPLIST_KEY_UISupportedInterfaceOrientations = UIInterfaceOrientationPortrait;
				INFOPLIST_KEY_UISupportedInterfaceOrientations_iPad = "UIInterfaceOrientationPortrait UIInterfaceOrientationPortraitUpsideDown UIInterfaceOrientationLandscapeLeft UIInterfaceOrientationLandscapeRight";
				INFOPLIST_KEY_UISupportedInterfaceOrientations_iPhone = "UIInterfaceOrientationPortrait UIInterfaceOrientationLandscapeLeft UIInterfaceOrientationLandscapeRight";
				LD_RUNPATH_SEARCH_PATHS = (
					"$(inherited)",
					"@executable_path/Frameworks",
				);
				MARKETING_VERSION = 1.0;
				PRODUCT_BUNDLE_IDENTIFIER = "com.sametkoyuncu.fmss-ios-bootcamp-homework-4";
				PRODUCT_NAME = "$(TARGET_NAME)";
				SWIFT_EMIT_LOC_STRINGS = YES;
				SWIFT_VERSION = 5.0;
				TARGETED_DEVICE_FAMILY = 1;
			};
			name = Debug;
		};
		F104B9E928E562FC00A2C276 /* Release */ = {
			isa = XCBuildConfiguration;
			buildSettings = {
				ASSETCATALOG_COMPILER_APPICON_NAME = AppIcon;
				ASSETCATALOG_COMPILER_GLOBAL_ACCENT_COLOR_NAME = AccentColor;
				CODE_SIGN_STYLE = Automatic;
				CURRENT_PROJECT_VERSION = 1;
				DEVELOPMENT_TEAM = A9S7ZDQSZC;
				GENERATE_INFOPLIST_FILE = YES;
				INFOPLIST_FILE = "fmss-ios-bootcamp-homework-4/Info.plist";
				INFOPLIST_KEY_CFBundleDisplayName = "Travel App";
				INFOPLIST_KEY_UIApplicationSupportsIndirectInputEvents = YES;
				INFOPLIST_KEY_UILaunchStoryboardName = LaunchScreen;
				INFOPLIST_KEY_UIMainStoryboardFile = Main;
				INFOPLIST_KEY_UISupportedInterfaceOrientations = UIInterfaceOrientationPortrait;
				INFOPLIST_KEY_UISupportedInterfaceOrientations_iPad = "UIInterfaceOrientationPortrait UIInterfaceOrientationPortraitUpsideDown UIInterfaceOrientationLandscapeLeft UIInterfaceOrientationLandscapeRight";
				INFOPLIST_KEY_UISupportedInterfaceOrientations_iPhone = "UIInterfaceOrientationPortrait UIInterfaceOrientationLandscapeLeft UIInterfaceOrientationLandscapeRight";
				LD_RUNPATH_SEARCH_PATHS = (
					"$(inherited)",
					"@executable_path/Frameworks",
				);
				MARKETING_VERSION = 1.0;
				PRODUCT_BUNDLE_IDENTIFIER = "com.sametkoyuncu.fmss-ios-bootcamp-homework-4";
				PRODUCT_NAME = "$(TARGET_NAME)";
				SWIFT_EMIT_LOC_STRINGS = YES;
				SWIFT_VERSION = 5.0;
				TARGETED_DEVICE_FAMILY = 1;
			};
			name = Release;
		};
/* End XCBuildConfiguration section */

/* Begin XCConfigurationList section */
		F104B9CE28E562FA00A2C276 /* Build configuration list for PBXProject "fmss-ios-bootcamp-homework-4" */ = {
			isa = XCConfigurationList;
			buildConfigurations = (
				F104B9E528E562FC00A2C276 /* Debug */,
				F104B9E628E562FC00A2C276 /* Release */,
			);
			defaultConfigurationIsVisible = 0;
			defaultConfigurationName = Release;
		};
		F104B9E728E562FC00A2C276 /* Build configuration list for PBXNativeTarget "fmss-ios-bootcamp-homework-4" */ = {
			isa = XCConfigurationList;
			buildConfigurations = (
				F104B9E828E562FC00A2C276 /* Debug */,
				F104B9E928E562FC00A2C276 /* Release */,
			);
			defaultConfigurationIsVisible = 0;
			defaultConfigurationName = Release;
		};
/* End XCConfigurationList section */
	};
	rootObject = F104B9CB28E562FA00A2C276 /* Project object */;
}
