// !$*UTF8*$!
{
	archiveVersion = 1;
	classes = {
	};
	objectVersion = 55;
	objects = {

/* Begin PBXBuildFile section */
		F104B9D728E562FA00A2C276 /* AppDelegate.swift in Sources */ = {isa = PBXBuildFile; fileRef = F104B9D628E562FA00A2C276 /* AppDelegate.swift */; };
		F104B9D928E562FA00A2C276 /* SceneDelegate.swift in Sources */ = {isa = PBXBuildFile; fileRef = F104B9D828E562FA00A2C276 /* SceneDelegate.swift */; };
		F104B9DB28E562FA00A2C276 /* HomeViewController.swift in Sources */ = {isa = PBXBuildFile; fileRef = F104B9DA28E562FA00A2C276 /* HomeViewController.swift */; };
		F104B9DE28E562FA00A2C276 /* Main.storyboard in Resources */ = {isa = PBXBuildFile; fileRef = F104B9DC28E562FA00A2C276 /* Main.storyboard */; };
		F104B9E028E562FC00A2C276 /* Assets.xcassets in Resources */ = {isa = PBXBuildFile; fileRef = F104B9DF28E562FC00A2C276 /* Assets.xcassets */; };
		F104B9E328E562FC00A2C276 /* LaunchScreen.storyboard in Resources */ = {isa = PBXBuildFile; fileRef = F104B9E128E562FC00A2C276 /* LaunchScreen.storyboard */; };
		F104B9EC28E5ACAE00A2C276 /* HomeCollectionViewCell.swift in Sources */ = {isa = PBXBuildFile; fileRef = F104B9EA28E5ACAE00A2C276 /* HomeCollectionViewCell.swift */; };
		F104B9ED28E5ACAE00A2C276 /* HomeCollectionViewCell.xib in Resources */ = {isa = PBXBuildFile; fileRef = F104B9EB28E5ACAE00A2C276 /* HomeCollectionViewCell.xib */; };
		F13CA10528E6C3DB00347497 /* DetailsViewController.swift in Sources */ = {isa = PBXBuildFile; fileRef = F13CA10428E6C3DB00347497 /* DetailsViewController.swift */; };
		F13CA10728E6C41F00347497 /* Enums.swift in Sources */ = {isa = PBXBuildFile; fileRef = F13CA10628E6C41F00347497 /* Enums.swift */; };
		F153628828E8D1B2008C0F5C /* hotels.json in Resources */ = {isa = PBXBuildFile; fileRef = F153628728E8D1B2008C0F5C /* hotels.json */; };
		F153628D28E8D279008C0F5C /* HotelListViewModel.swift in Sources */ = {isa = PBXBuildFile; fileRef = F153628C28E8D279008C0F5C /* HotelListViewModel.swift */; };
		F153628F28E8D295008C0F5C /* HotelEntity.swift in Sources */ = {isa = PBXBuildFile; fileRef = F153628E28E8D295008C0F5C /* HotelEntity.swift */; };
		F153629128E8D303008C0F5C /* HotelListModel.swift in Sources */ = {isa = PBXBuildFile; fileRef = F153629028E8D303008C0F5C /* HotelListModel.swift */; };
		F153629428E963C1008C0F5C /* ListItemEntity.swift in Sources */ = {isa = PBXBuildFile; fileRef = F153629328E963C1008C0F5C /* ListItemEntity.swift */; };
		F1582DBF28E618BA0016D4F1 /* ListViewController.swift in Sources */ = {isa = PBXBuildFile; fileRef = F1582DBE28E618BA0016D4F1 /* ListViewController.swift */; };
		F1582DC228E618FD0016D4F1 /* ListTableViewCell.swift in Sources */ = {isa = PBXBuildFile; fileRef = F1582DC028E618FD0016D4F1 /* ListTableViewCell.swift */; };
		F1582DC328E618FD0016D4F1 /* ListTableViewCell.xib in Resources */ = {isa = PBXBuildFile; fileRef = F1582DC128E618FD0016D4F1 /* ListTableViewCell.xib */; };
		F1585B9428E97E16001B23DC /* FlightEntity.swift in Sources */ = {isa = PBXBuildFile; fileRef = F1585B9328E97E16001B23DC /* FlightEntity.swift */; };
		F1585B9628E97F4F001B23DC /* flights.json in Resources */ = {isa = PBXBuildFile; fileRef = F1585B9528E97F4F001B23DC /* flights.json */; };
		F18FF2B428E9FF0F00423D76 /* ArticleCellEntity.swift in Sources */ = {isa = PBXBuildFile; fileRef = F18FF2B328E9FF0F00423D76 /* ArticleCellEntity.swift */; };
		F18FF2B728EA01EC00423D76 /* ArticleDetailsModel.swift in Sources */ = {isa = PBXBuildFile; fileRef = F18FF2B628EA01EC00423D76 /* ArticleDetailsModel.swift */; };
		F18FF2B928EA027D00423D76 /* ArticleDetailsViewModel.swift in Sources */ = {isa = PBXBuildFile; fileRef = F18FF2B828EA027D00423D76 /* ArticleDetailsViewModel.swift */; };
		F19D9AAD28EAB2C5001E0F4D /* HotelSearchModel.swift in Sources */ = {isa = PBXBuildFile; fileRef = F19D9AAC28EAB2C5001E0F4D /* HotelSearchModel.swift */; };
		F19D9AB228EAB69D001E0F4D /* SearchCellEntity.swift in Sources */ = {isa = PBXBuildFile; fileRef = F19D9AB128EAB69D001E0F4D /* SearchCellEntity.swift */; };
		F19D9AB428EAB701001E0F4D /* HotelSearchViewModel.swift in Sources */ = {isa = PBXBuildFile; fileRef = F19D9AB328EAB701001E0F4D /* HotelSearchViewModel.swift */; };
		F19D9AB628EAB7F8001E0F4D /* SearchViewModelProtocols.swift in Sources */ = {isa = PBXBuildFile; fileRef = F19D9AB528EAB7F8001E0F4D /* SearchViewModelProtocols.swift */; };
		F19D9AB828EAC086001E0F4D /* FlightSearchModel.swift in Sources */ = {isa = PBXBuildFile; fileRef = F19D9AB728EAC086001E0F4D /* FlightSearchModel.swift */; };
		F19D9ABA28EAC266001E0F4D /* FlightSearchViewModel.swift in Sources */ = {isa = PBXBuildFile; fileRef = F19D9AB928EAC266001E0F4D /* FlightSearchViewModel.swift */; };
		F19D9ABD28EAD330001E0F4D /* CoreDataStack.swift in Sources */ = {isa = PBXBuildFile; fileRef = F19D9ABC28EAD330001E0F4D /* CoreDataStack.swift */; };
		F19D9ABF28EAD367001E0F4D /* BookmarkItemEntity.swift in Sources */ = {isa = PBXBuildFile; fileRef = F19D9ABE28EAD367001E0F4D /* BookmarkItemEntity.swift */; };
		F19D9AC228EAD42E001E0F4D /* BookmarkListDataModel.xcdatamodeld in Sources */ = {isa = PBXBuildFile; fileRef = F19D9AC028EAD42E001E0F4D /* BookmarkListDataModel.xcdatamodeld */; };
		F19D9AC828EAD87D001E0F4D /* BookmarkListModel.swift in Sources */ = {isa = PBXBuildFile; fileRef = F19D9AC728EAD87D001E0F4D /* BookmarkListModel.swift */; };
		F19D9ACD28EAD94D001E0F4D /* BookmarkListViewModel.swift in Sources */ = {isa = PBXBuildFile; fileRef = F19D9ACC28EAD94D001E0F4D /* BookmarkListViewModel.swift */; };
		F1AF2F4528E9AD9D00297C3E /* DetailsScreenEntity.swift in Sources */ = {isa = PBXBuildFile; fileRef = F1AF2F4428E9AD9D00297C3E /* DetailsScreenEntity.swift */; };
		F1AF2F4728E9AE1400297C3E /* HotelDetailsModel.swift in Sources */ = {isa = PBXBuildFile; fileRef = F1AF2F4628E9AE1400297C3E /* HotelDetailsModel.swift */; };
		F1AF2F4928E9AEF400297C3E /* HotelDetailsViewModel.swift in Sources */ = {isa = PBXBuildFile; fileRef = F1AF2F4828E9AEF400297C3E /* HotelDetailsViewModel.swift */; };
		F1AF2F4E28E9B74B00297C3E /* ListViewModelProtocols.swift in Sources */ = {isa = PBXBuildFile; fileRef = F1AF2F4D28E9B74B00297C3E /* ListViewModelProtocols.swift */; };
		F1AF2F5028E9B78E00297C3E /* DetailsViewModelProtocols.swift in Sources */ = {isa = PBXBuildFile; fileRef = F1AF2F4F28E9B78E00297C3E /* DetailsViewModelProtocols.swift */; };
		F1AF2F5228E9B85A00297C3E /* FlightDetailsViewModel.swift in Sources */ = {isa = PBXBuildFile; fileRef = F1AF2F5128E9B85A00297C3E /* FlightDetailsViewModel.swift */; };
		F1AF2F5428E9B8A200297C3E /* FlightDetailsModel.swift in Sources */ = {isa = PBXBuildFile; fileRef = F1AF2F5328E9B8A200297C3E /* FlightDetailsModel.swift */; };
		F1D716AE28E6C9690095EF7D /* BookmarksViewController.swift in Sources */ = {isa = PBXBuildFile; fileRef = F1D716AD28E6C9690095EF7D /* BookmarksViewController.swift */; };
		F1D716B128E6CC0C0095EF7D /* BookmarksTableViewCell.swift in Sources */ = {isa = PBXBuildFile; fileRef = F1D716AF28E6CC0C0095EF7D /* BookmarksTableViewCell.swift */; };
		F1D716B228E6CC0C0095EF7D /* BookmarksTableViewCell.xib in Resources */ = {isa = PBXBuildFile; fileRef = F1D716B028E6CC0C0095EF7D /* BookmarksTableViewCell.xib */; };
		F1D716B428E6E2070095EF7D /* Extensions.swift in Sources */ = {isa = PBXBuildFile; fileRef = F1D716B328E6E2070095EF7D /* Extensions.swift */; };
		F1D716B628E6E24D0095EF7D /* SearchViewController.swift in Sources */ = {isa = PBXBuildFile; fileRef = F1D716B528E6E24D0095EF7D /* SearchViewController.swift */; };
		F1D716B928E6F4070095EF7D /* SearchTableViewCell.swift in Sources */ = {isa = PBXBuildFile; fileRef = F1D716B728E6F4070095EF7D /* SearchTableViewCell.swift */; };
		F1D716BA28E6F4070095EF7D /* SearchTableViewCell.xib in Resources */ = {isa = PBXBuildFile; fileRef = F1D716B828E6F4070095EF7D /* SearchTableViewCell.xib */; };
		F1EFE72428E9F73A004338E6 /* articles.json in Resources */ = {isa = PBXBuildFile; fileRef = F1EFE72328E9F73A004338E6 /* articles.json */; };
		F1EFE72728E9F86E004338E6 /* ArticleListModel.swift in Sources */ = {isa = PBXBuildFile; fileRef = F1EFE72628E9F86E004338E6 /* ArticleListModel.swift */; };
		F1EFE72928E9F8DD004338E6 /* ArticleEntity.swift in Sources */ = {isa = PBXBuildFile; fileRef = F1EFE72828E9F8DD004338E6 /* ArticleEntity.swift */; };
		F1EFE72C28E9F929004338E6 /* ArticleListViewModel.swift in Sources */ = {isa = PBXBuildFile; fileRef = F1EFE72B28E9F929004338E6 /* ArticleListViewModel.swift */; };
		F1FD6D3D28E9800700D8DBEA /* FlightListModel.swift in Sources */ = {isa = PBXBuildFile; fileRef = F1FD6D3C28E9800700D8DBEA /* FlightListModel.swift */; };
		F1FD6D3F28E9809A00D8DBEA /* FlightListViewModel.swift in Sources */ = {isa = PBXBuildFile; fileRef = F1FD6D3E28E9809A00D8DBEA /* FlightListViewModel.swift */; };
/* End PBXBuildFile section */

/* Begin PBXFileReference section */
		F104B9D328E562FA00A2C276 /* fmss-ios-bootcamp-homework-4.app */ = {isa = PBXFileReference; explicitFileType = wrapper.application; includeInIndex = 0; path = "fmss-ios-bootcamp-homework-4.app"; sourceTree = BUILT_PRODUCTS_DIR; };
		F104B9D628E562FA00A2C276 /* AppDelegate.swift */ = {isa = PBXFileReference; lastKnownFileType = sourcecode.swift; path = AppDelegate.swift; sourceTree = "<group>"; };
		F104B9D828E562FA00A2C276 /* SceneDelegate.swift */ = {isa = PBXFileReference; lastKnownFileType = sourcecode.swift; path = SceneDelegate.swift; sourceTree = "<group>"; };
		F104B9DA28E562FA00A2C276 /* HomeViewController.swift */ = {isa = PBXFileReference; lastKnownFileType = sourcecode.swift; path = HomeViewController.swift; sourceTree = "<group>"; };
		F104B9DD28E562FA00A2C276 /* Base */ = {isa = PBXFileReference; lastKnownFileType = file.storyboard; name = Base; path = Base.lproj/Main.storyboard; sourceTree = "<group>"; };
		F104B9DF28E562FC00A2C276 /* Assets.xcassets */ = {isa = PBXFileReference; lastKnownFileType = folder.assetcatalog; path = Assets.xcassets; sourceTree = "<group>"; };
		F104B9E228E562FC00A2C276 /* Base */ = {isa = PBXFileReference; lastKnownFileType = file.storyboard; name = Base; path = Base.lproj/LaunchScreen.storyboard; sourceTree = "<group>"; };
		F104B9E428E562FC00A2C276 /* Info.plist */ = {isa = PBXFileReference; lastKnownFileType = text.plist.xml; path = Info.plist; sourceTree = "<group>"; };
		F104B9EA28E5ACAE00A2C276 /* HomeCollectionViewCell.swift */ = {isa = PBXFileReference; lastKnownFileType = sourcecode.swift; path = HomeCollectionViewCell.swift; sourceTree = "<group>"; };
		F104B9EB28E5ACAE00A2C276 /* HomeCollectionViewCell.xib */ = {isa = PBXFileReference; lastKnownFileType = file.xib; path = HomeCollectionViewCell.xib; sourceTree = "<group>"; };
		F13CA10428E6C3DB00347497 /* DetailsViewController.swift */ = {isa = PBXFileReference; lastKnownFileType = sourcecode.swift; path = DetailsViewController.swift; sourceTree = "<group>"; };
		F13CA10628E6C41F00347497 /* Enums.swift */ = {isa = PBXFileReference; lastKnownFileType = sourcecode.swift; path = Enums.swift; sourceTree = "<group>"; };
		F153628728E8D1B2008C0F5C /* hotels.json */ = {isa = PBXFileReference; fileEncoding = 4; lastKnownFileType = text.json; name = hotels.json; path = "fmss-ios-bootcamp-homework-4/LocalJSONFiles/hotels.json"; sourceTree = SOURCE_ROOT; };
		F153628C28E8D279008C0F5C /* HotelListViewModel.swift */ = {isa = PBXFileReference; lastKnownFileType = sourcecode.swift; path = HotelListViewModel.swift; sourceTree = "<group>"; };
		F153628E28E8D295008C0F5C /* HotelEntity.swift */ = {isa = PBXFileReference; lastKnownFileType = sourcecode.swift; path = HotelEntity.swift; sourceTree = "<group>"; };
		F153629028E8D303008C0F5C /* HotelListModel.swift */ = {isa = PBXFileReference; lastKnownFileType = sourcecode.swift; path = HotelListModel.swift; sourceTree = "<group>"; };
		F153629328E963C1008C0F5C /* ListItemEntity.swift */ = {isa = PBXFileReference; lastKnownFileType = sourcecode.swift; path = ListItemEntity.swift; sourceTree = "<group>"; };
		F1582DBE28E618BA0016D4F1 /* ListViewController.swift */ = {isa = PBXFileReference; lastKnownFileType = sourcecode.swift; path = ListViewController.swift; sourceTree = "<group>"; };
		F1582DC028E618FD0016D4F1 /* ListTableViewCell.swift */ = {isa = PBXFileReference; lastKnownFileType = sourcecode.swift; path = ListTableViewCell.swift; sourceTree = "<group>"; };
		F1582DC128E618FD0016D4F1 /* ListTableViewCell.xib */ = {isa = PBXFileReference; lastKnownFileType = file.xib; path = ListTableViewCell.xib; sourceTree = "<group>"; };
		F1585B9328E97E16001B23DC /* FlightEntity.swift */ = {isa = PBXFileReference; lastKnownFileType = sourcecode.swift; path = FlightEntity.swift; sourceTree = "<group>"; };
		F1585B9528E97F4F001B23DC /* flights.json */ = {isa = PBXFileReference; fileEncoding = 4; lastKnownFileType = text.json; path = flights.json; sourceTree = "<group>"; };
		F18FF2B328E9FF0F00423D76 /* ArticleCellEntity.swift */ = {isa = PBXFileReference; lastKnownFileType = sourcecode.swift; path = ArticleCellEntity.swift; sourceTree = "<group>"; };
		F18FF2B628EA01EC00423D76 /* ArticleDetailsModel.swift */ = {isa = PBXFileReference; lastKnownFileType = sourcecode.swift; path = ArticleDetailsModel.swift; sourceTree = "<group>"; };
		F18FF2B828EA027D00423D76 /* ArticleDetailsViewModel.swift */ = {isa = PBXFileReference; lastKnownFileType = sourcecode.swift; path = ArticleDetailsViewModel.swift; sourceTree = "<group>"; };
		F19D9AAC28EAB2C5001E0F4D /* HotelSearchModel.swift */ = {isa = PBXFileReference; lastKnownFileType = sourcecode.swift; path = HotelSearchModel.swift; sourceTree = "<group>"; };
		F19D9AB128EAB69D001E0F4D /* SearchCellEntity.swift */ = {isa = PBXFileReference; lastKnownFileType = sourcecode.swift; path = SearchCellEntity.swift; sourceTree = "<group>"; };
		F19D9AB328EAB701001E0F4D /* HotelSearchViewModel.swift */ = {isa = PBXFileReference; lastKnownFileType = sourcecode.swift; path = HotelSearchViewModel.swift; sourceTree = "<group>"; };
		F19D9AB528EAB7F8001E0F4D /* SearchViewModelProtocols.swift */ = {isa = PBXFileReference; lastKnownFileType = sourcecode.swift; path = SearchViewModelProtocols.swift; sourceTree = "<group>"; };
		F19D9AB728EAC086001E0F4D /* FlightSearchModel.swift */ = {isa = PBXFileReference; lastKnownFileType = sourcecode.swift; path = FlightSearchModel.swift; sourceTree = "<group>"; };
		F19D9AB928EAC266001E0F4D /* FlightSearchViewModel.swift */ = {isa = PBXFileReference; lastKnownFileType = sourcecode.swift; path = FlightSearchViewModel.swift; sourceTree = "<group>"; };
		F19D9ABC28EAD330001E0F4D /* CoreDataStack.swift */ = {isa = PBXFileReference; lastKnownFileType = sourcecode.swift; path = CoreDataStack.swift; sourceTree = "<group>"; };
		F19D9ABE28EAD367001E0F4D /* BookmarkItemEntity.swift */ = {isa = PBXFileReference; lastKnownFileType = sourcecode.swift; path = BookmarkItemEntity.swift; sourceTree = "<group>"; };
		F19D9AC128EAD42E001E0F4D /* BookmarkListDataModel.xcdatamodel */ = {isa = PBXFileReference; lastKnownFileType = wrapper.xcdatamodel; path = BookmarkListDataModel.xcdatamodel; sourceTree = "<group>"; };
		F19D9AC728EAD87D001E0F4D /* BookmarkListModel.swift */ = {isa = PBXFileReference; lastKnownFileType = sourcecode.swift; path = BookmarkListModel.swift; sourceTree = "<group>"; };
		F19D9ACC28EAD94D001E0F4D /* BookmarkListViewModel.swift */ = {isa = PBXFileReference; lastKnownFileType = sourcecode.swift; path = BookmarkListViewModel.swift; sourceTree = "<group>"; };
		F1AF2F4428E9AD9D00297C3E /* DetailsScreenEntity.swift */ = {isa = PBXFileReference; lastKnownFileType = sourcecode.swift; path = DetailsScreenEntity.swift; sourceTree = "<group>"; };
		F1AF2F4628E9AE1400297C3E /* HotelDetailsModel.swift */ = {isa = PBXFileReference; lastKnownFileType = sourcecode.swift; path = HotelDetailsModel.swift; sourceTree = "<group>"; };
		F1AF2F4828E9AEF400297C3E /* HotelDetailsViewModel.swift */ = {isa = PBXFileReference; lastKnownFileType = sourcecode.swift; path = HotelDetailsViewModel.swift; sourceTree = "<group>"; };
		F1AF2F4D28E9B74B00297C3E /* ListViewModelProtocols.swift */ = {isa = PBXFileReference; lastKnownFileType = sourcecode.swift; path = ListViewModelProtocols.swift; sourceTree = "<group>"; };
		F1AF2F4F28E9B78E00297C3E /* DetailsViewModelProtocols.swift */ = {isa = PBXFileReference; lastKnownFileType = sourcecode.swift; path = DetailsViewModelProtocols.swift; sourceTree = "<group>"; };
		F1AF2F5128E9B85A00297C3E /* FlightDetailsViewModel.swift */ = {isa = PBXFileReference; lastKnownFileType = sourcecode.swift; path = FlightDetailsViewModel.swift; sourceTree = "<group>"; };
		F1AF2F5328E9B8A200297C3E /* FlightDetailsModel.swift */ = {isa = PBXFileReference; lastKnownFileType = sourcecode.swift; path = FlightDetailsModel.swift; sourceTree = "<group>"; };
		F1D716AD28E6C9690095EF7D /* BookmarksViewController.swift */ = {isa = PBXFileReference; lastKnownFileType = sourcecode.swift; path = BookmarksViewController.swift; sourceTree = "<group>"; };
		F1D716AF28E6CC0C0095EF7D /* BookmarksTableViewCell.swift */ = {isa = PBXFileReference; lastKnownFileType = sourcecode.swift; path = BookmarksTableViewCell.swift; sourceTree = "<group>"; };
		F1D716B028E6CC0C0095EF7D /* BookmarksTableViewCell.xib */ = {isa = PBXFileReference; lastKnownFileType = file.xib; path = BookmarksTableViewCell.xib; sourceTree = "<group>"; };
		F1D716B328E6E2070095EF7D /* Extensions.swift */ = {isa = PBXFileReference; lastKnownFileType = sourcecode.swift; path = Extensions.swift; sourceTree = "<group>"; };
		F1D716B528E6E24D0095EF7D /* SearchViewController.swift */ = {isa = PBXFileReference; lastKnownFileType = sourcecode.swift; path = SearchViewController.swift; sourceTree = "<group>"; };
		F1D716B728E6F4070095EF7D /* SearchTableViewCell.swift */ = {isa = PBXFileReference; lastKnownFileType = sourcecode.swift; path = SearchTableViewCell.swift; sourceTree = "<group>"; };
		F1D716B828E6F4070095EF7D /* SearchTableViewCell.xib */ = {isa = PBXFileReference; lastKnownFileType = file.xib; path = SearchTableViewCell.xib; sourceTree = "<group>"; };
		F1EFE72328E9F73A004338E6 /* articles.json */ = {isa = PBXFileReference; fileEncoding = 4; lastKnownFileType = text.json; path = articles.json; sourceTree = "<group>"; };
		F1EFE72628E9F86E004338E6 /* ArticleListModel.swift */ = {isa = PBXFileReference; lastKnownFileType = sourcecode.swift; path = ArticleListModel.swift; sourceTree = "<group>"; };
		F1EFE72828E9F8DD004338E6 /* ArticleEntity.swift */ = {isa = PBXFileReference; lastKnownFileType = sourcecode.swift; path = ArticleEntity.swift; sourceTree = "<group>"; };
		F1EFE72B28E9F929004338E6 /* ArticleListViewModel.swift */ = {isa = PBXFileReference; lastKnownFileType = sourcecode.swift; path = ArticleListViewModel.swift; sourceTree = "<group>"; };
		F1FD6D3C28E9800700D8DBEA /* FlightListModel.swift */ = {isa = PBXFileReference; lastKnownFileType = sourcecode.swift; path = FlightListModel.swift; sourceTree = "<group>"; };
		F1FD6D3E28E9809A00D8DBEA /* FlightListViewModel.swift */ = {isa = PBXFileReference; lastKnownFileType = sourcecode.swift; path = FlightListViewModel.swift; sourceTree = "<group>"; };
/* End PBXFileReference section */

/* Begin PBXFrameworksBuildPhase section */
		F104B9D028E562FA00A2C276 /* Frameworks */ = {
			isa = PBXFrameworksBuildPhase;
			buildActionMask = 2147483647;
			files = (
			);
			runOnlyForDeploymentPostprocessing = 0;
		};
/* End PBXFrameworksBuildPhase section */

/* Begin PBXGroup section */
		F104B9CA28E562FA00A2C276 = {
			isa = PBXGroup;
			children = (
				F104B9D528E562FA00A2C276 /* fmss-ios-bootcamp-homework-4 */,
				F104B9D428E562FA00A2C276 /* Products */,
			);
			sourceTree = "<group>";
		};
		F104B9D428E562FA00A2C276 /* Products */ = {
			isa = PBXGroup;
			children = (
				F104B9D328E562FA00A2C276 /* fmss-ios-bootcamp-homework-4.app */,
			);
			name = Products;
			sourceTree = "<group>";
		};
		F104B9D528E562FA00A2C276 /* fmss-ios-bootcamp-homework-4 */ = {
			isa = PBXGroup;
			children = (
				F19D9ABB28EAD319001E0F4D /* CoreData */,
				F153628628E8D18E008C0F5C /* LocalJSONFiles */,
				F181292628E71875009DB64F /* Resources */,
				F153627F28E8CF2A008C0F5C /* HomeModule */,
				F153628128E8CF53008C0F5C /* ListModule */,
				F153628228E8CF73008C0F5C /* DetailsModule */,
				F153628328E8CF8D008C0F5C /* SearchModule */,
				F153628428E8CFD6008C0F5C /* BookmarksModule */,
				F1D716B328E6E2070095EF7D /* Extensions.swift */,
				F13CA10628E6C41F00347497 /* Enums.swift */,
				F181292828E718A4009DB64F /* Supported Files */,
			);
			path = "fmss-ios-bootcamp-homework-4";
			sourceTree = "<group>";
		};
		F153627F28E8CF2A008C0F5C /* HomeModule */ = {
			isa = PBXGroup;
			children = (
				F1EFE72528E9F856004338E6 /* Model */,
				F19D9AC628EAD5F4001E0F4D /* View */,
				F1EFE72A28E9F912004338E6 /* VM */,
			);
			path = HomeModule;
			sourceTree = "<group>";
		};
		F153628128E8CF53008C0F5C /* ListModule */ = {
			isa = PBXGroup;
			children = (
				F153628928E8D239008C0F5C /* Models */,
				F153628B28E8D24B008C0F5C /* View */,
				F153628A28E8D242008C0F5C /* VMs */,
			);
			path = ListModule;
			sourceTree = "<group>";
		};
		F153628228E8CF73008C0F5C /* DetailsModule */ = {
			isa = PBXGroup;
			children = (
				F1AF2F4128E99D3D00297C3E /* Model */,
				F1AF2F4228E99D4300297C3E /* View */,
				F1AF2F4328E99D4800297C3E /* VM */,
			);
			path = DetailsModule;
			sourceTree = "<group>";
		};
		F153628328E8CF8D008C0F5C /* SearchModule */ = {
			isa = PBXGroup;
			children = (
				F19D9AAB28EAB2A8001E0F4D /* Models */,
				F19D9AAF28EAB668001E0F4D /* View */,
				F19D9AAE28EAB633001E0F4D /* VMs */,
			);
			path = SearchModule;
			sourceTree = "<group>";
		};
		F153628428E8CFD6008C0F5C /* BookmarksModule */ = {
			isa = PBXGroup;
			children = (
				F19D9AC328EAD5AB001E0F4D /* Models */,
				F19D9AC428EAD5B1001E0F4D /* Views */,
				F19D9ACB28EAD90A001E0F4D /* VMs */,
			);
			path = BookmarksModule;
			sourceTree = "<group>";
		};
		F153628628E8D18E008C0F5C /* LocalJSONFiles */ = {
			isa = PBXGroup;
			children = (
				F1EFE72328E9F73A004338E6 /* articles.json */,
				F1585B9528E97F4F001B23DC /* flights.json */,
				F153628728E8D1B2008C0F5C /* hotels.json */,
			);
			path = LocalJSONFiles;
			sourceTree = "<group>";
		};
		F153628928E8D239008C0F5C /* Models */ = {
			isa = PBXGroup;
			children = (
				F1FD6D3B28E97FD800D8DBEA /* Entities */,
				F153629028E8D303008C0F5C /* HotelListModel.swift */,
				F1FD6D3C28E9800700D8DBEA /* FlightListModel.swift */,
			);
			path = Models;
			sourceTree = "<group>";
		};
		F153628A28E8D242008C0F5C /* VMs */ = {
			isa = PBXGroup;
			children = (
				F153628C28E8D279008C0F5C /* HotelListViewModel.swift */,
				F1FD6D3E28E9809A00D8DBEA /* FlightListViewModel.swift */,
				F1AF2F4D28E9B74B00297C3E /* ListViewModelProtocols.swift */,
			);
			path = VMs;
			sourceTree = "<group>";
		};
		F153628B28E8D24B008C0F5C /* View */ = {
			isa = PBXGroup;
			children = (
				F153629528E9662C008C0F5C /* Cell */,
				F1582DBE28E618BA0016D4F1 /* ListViewController.swift */,
			);
			path = View;
			sourceTree = "<group>";
		};
		F153629528E9662C008C0F5C /* Cell */ = {
			isa = PBXGroup;
			children = (
				F1582DC028E618FD0016D4F1 /* ListTableViewCell.swift */,
				F1582DC128E618FD0016D4F1 /* ListTableViewCell.xib */,
			);
			path = Cell;
			sourceTree = "<group>";
		};
		F181292628E71875009DB64F /* Resources */ = {
			isa = PBXGroup;
			children = (
				F104B9DC28E562FA00A2C276 /* Main.storyboard */,
				F104B9DF28E562FC00A2C276 /* Assets.xcassets */,
				F104B9E128E562FC00A2C276 /* LaunchScreen.storyboard */,
			);
			path = Resources;
			sourceTree = "<group>";
		};
		F181292828E718A4009DB64F /* Supported Files */ = {
			isa = PBXGroup;
			children = (
				F104B9D628E562FA00A2C276 /* AppDelegate.swift */,
				F104B9D828E562FA00A2C276 /* SceneDelegate.swift */,
				F104B9E428E562FC00A2C276 /* Info.plist */,
			);
			name = "Supported Files";
			sourceTree = "<group>";
		};
		F18FF2B528E9FF3A00423D76 /* Entities */ = {
			isa = PBXGroup;
			children = (
				F1EFE72828E9F8DD004338E6 /* ArticleEntity.swift */,
				F18FF2B328E9FF0F00423D76 /* ArticleCellEntity.swift */,
			);
			path = Entities;
			sourceTree = "<group>";
		};
		F19D9AAB28EAB2A8001E0F4D /* Models */ = {
			isa = PBXGroup;
			children = (
				F19D9AB128EAB69D001E0F4D /* SearchCellEntity.swift */,
				F19D9AAC28EAB2C5001E0F4D /* HotelSearchModel.swift */,
				F19D9AB728EAC086001E0F4D /* FlightSearchModel.swift */,
			);
			path = Models;
			sourceTree = "<group>";
		};
		F19D9AAE28EAB633001E0F4D /* VMs */ = {
			isa = PBXGroup;
			children = (
				F19D9AB328EAB701001E0F4D /* HotelSearchViewModel.swift */,
				F19D9AB928EAC266001E0F4D /* FlightSearchViewModel.swift */,
				F19D9AB528EAB7F8001E0F4D /* SearchViewModelProtocols.swift */,
			);
			path = VMs;
			sourceTree = "<group>";
		};
		F19D9AAF28EAB668001E0F4D /* View */ = {
			isa = PBXGroup;
			children = (
				F19D9AB028EAB674001E0F4D /* Cell */,
				F1D716B528E6E24D0095EF7D /* SearchViewController.swift */,
			);
			path = View;
			sourceTree = "<group>";
		};
		F19D9AB028EAB674001E0F4D /* Cell */ = {
			isa = PBXGroup;
			children = (
				F1D716B728E6F4070095EF7D /* SearchTableViewCell.swift */,
				F1D716B828E6F4070095EF7D /* SearchTableViewCell.xib */,
			);
			path = Cell;
			sourceTree = "<group>";
		};
		F19D9ABB28EAD319001E0F4D /* CoreData */ = {
			isa = PBXGroup;
			children = (
				F19D9ABC28EAD330001E0F4D /* CoreDataStack.swift */,
				F19D9ABE28EAD367001E0F4D /* BookmarkItemEntity.swift */,
				F19D9AC028EAD42E001E0F4D /* BookmarkListDataModel.xcdatamodeld */,
			);
			path = CoreData;
			sourceTree = "<group>";
		};
		F19D9AC328EAD5AB001E0F4D /* Models */ = {
			isa = PBXGroup;
			children = (
				F19D9AC728EAD87D001E0F4D /* BookmarkListModel.swift */,
			);
			path = Models;
			sourceTree = "<group>";
		};
		F19D9AC428EAD5B1001E0F4D /* Views */ = {
			isa = PBXGroup;
			children = (
				F19D9AC528EAD5C0001E0F4D /* Cell */,
				F1D716AD28E6C9690095EF7D /* BookmarksViewController.swift */,
			);
			path = Views;
			sourceTree = "<group>";
		};
		F19D9AC528EAD5C0001E0F4D /* Cell */ = {
			isa = PBXGroup;
			children = (
				F1D716AF28E6CC0C0095EF7D /* BookmarksTableViewCell.swift */,
				F1D716B028E6CC0C0095EF7D /* BookmarksTableViewCell.xib */,
			);
			path = Cell;
			sourceTree = "<group>";
		};
		F19D9AC628EAD5F4001E0F4D /* View */ = {
			isa = PBXGroup;
			children = (
				F104B9DA28E562FA00A2C276 /* HomeViewController.swift */,
				F104B9EA28E5ACAE00A2C276 /* HomeCollectionViewCell.swift */,
				F104B9EB28E5ACAE00A2C276 /* HomeCollectionViewCell.xib */,
			);
			path = View;
			sourceTree = "<group>";
		};
		F19D9ACB28EAD90A001E0F4D /* VMs */ = {
			isa = PBXGroup;
			children = (
				F19D9ACC28EAD94D001E0F4D /* BookmarkListViewModel.swift */,
			);
			path = VMs;
			sourceTree = "<group>";
		};
		F1AF2F4128E99D3D00297C3E /* Model */ = {
			isa = PBXGroup;
			children = (
				F1AF2F4428E9AD9D00297C3E /* DetailsScreenEntity.swift */,
				F1AF2F4628E9AE1400297C3E /* HotelDetailsModel.swift */,
				F1AF2F5328E9B8A200297C3E /* FlightDetailsModel.swift */,
				F18FF2B628EA01EC00423D76 /* ArticleDetailsModel.swift */,
			);
			path = Model;
			sourceTree = "<group>";
		};
		F1AF2F4228E99D4300297C3E /* View */ = {
			isa = PBXGroup;
			children = (
				F13CA10428E6C3DB00347497 /* DetailsViewController.swift */,
			);
			path = View;
			sourceTree = "<group>";
		};
		F1AF2F4328E99D4800297C3E /* VM */ = {
			isa = PBXGroup;
			children = (
				F1AF2F4828E9AEF400297C3E /* HotelDetailsViewModel.swift */,
				F1AF2F5128E9B85A00297C3E /* FlightDetailsViewModel.swift */,
				F18FF2B828EA027D00423D76 /* ArticleDetailsViewModel.swift */,
				F1AF2F4F28E9B78E00297C3E /* DetailsViewModelProtocols.swift */,
			);
			path = VM;
			sourceTree = "<group>";
		};
		F1EFE72528E9F856004338E6 /* Model */ = {
			isa = PBXGroup;
			children = (
				F18FF2B528E9FF3A00423D76 /* Entities */,
				F1EFE72628E9F86E004338E6 /* ArticleListModel.swift */,
			);
			path = Model;
			sourceTree = "<group>";
		};
		F1EFE72A28E9F912004338E6 /* VM */ = {
			isa = PBXGroup;
			children = (
				F1EFE72B28E9F929004338E6 /* ArticleListViewModel.swift */,
			);
			path = VM;
			sourceTree = "<group>";
		};
		F1FD6D3B28E97FD800D8DBEA /* Entities */ = {
			isa = PBXGroup;
			children = (
				F153628E28E8D295008C0F5C /* HotelEntity.swift */,
				F153629328E963C1008C0F5C /* ListItemEntity.swift */,
				F1585B9328E97E16001B23DC /* FlightEntity.swift */,
			);
			path = Entities;
			sourceTree = "<group>";
		};
/* End PBXGroup section */

/* Begin PBXNativeTarget section */
		F104B9D228E562FA00A2C276 /* fmss-ios-bootcamp-homework-4 */ = {
			isa = PBXNativeTarget;
			buildConfigurationList = F104B9E728E562FC00A2C276 /* Build configuration list for PBXNativeTarget "fmss-ios-bootcamp-homework-4" */;
			buildPhases = (
				F104B9CF28E562FA00A2C276 /* Sources */,
				F104B9D028E562FA00A2C276 /* Frameworks */,
				F104B9D128E562FA00A2C276 /* Resources */,
			);
			buildRules = (
			);
			dependencies = (
			);
			name = "fmss-ios-bootcamp-homework-4";
			productName = "fmss-ios-bootcamp-homework-4";
			productReference = F104B9D328E562FA00A2C276 /* fmss-ios-bootcamp-homework-4.app */;
			productType = "com.apple.product-type.application";
		};
/* End PBXNativeTarget section */

/* Begin PBXProject section */
		F104B9CB28E562FA00A2C276 /* Project object */ = {
			isa = PBXProject;
			attributes = {
				BuildIndependentTargetsInParallel = 1;
				LastSwiftUpdateCheck = 1340;
				LastUpgradeCheck = 1340;
				TargetAttributes = {
					F104B9D228E562FA00A2C276 = {
						CreatedOnToolsVersion = 13.4.1;
					};
				};
			};
			buildConfigurationList = F104B9CE28E562FA00A2C276 /* Build configuration list for PBXProject "fmss-ios-bootcamp-homework-4" */;
			compatibilityVersion = "Xcode 13.0";
			developmentRegion = en;
			hasScannedForEncodings = 0;
			knownRegions = (
				en,
				Base,
			);
			mainGroup = F104B9CA28E562FA00A2C276;
			productRefGroup = F104B9D428E562FA00A2C276 /* Products */;
			projectDirPath = "";
			projectRoot = "";
			targets = (
				F104B9D228E562FA00A2C276 /* fmss-ios-bootcamp-homework-4 */,
			);
		};
/* End PBXProject section */

/* Begin PBXResourcesBuildPhase section */
		F104B9D128E562FA00A2C276 /* Resources */ = {
			isa = PBXResourcesBuildPhase;
			buildActionMask = 2147483647;
			files = (
				F1582DC328E618FD0016D4F1 /* ListTableViewCell.xib in Resources */,
				F104B9E328E562FC00A2C276 /* LaunchScreen.storyboard in Resources */,
				F104B9E028E562FC00A2C276 /* Assets.xcassets in Resources */,
				F104B9DE28E562FA00A2C276 /* Main.storyboard in Resources */,
				F1585B9628E97F4F001B23DC /* flights.json in Resources */,
				F1D716BA28E6F4070095EF7D /* SearchTableViewCell.xib in Resources */,
				F153628828E8D1B2008C0F5C /* hotels.json in Resources */,
				F1EFE72428E9F73A004338E6 /* articles.json in Resources */,
				F104B9ED28E5ACAE00A2C276 /* HomeCollectionViewCell.xib in Resources */,
				F1D716B228E6CC0C0095EF7D /* BookmarksTableViewCell.xib in Resources */,
			);
			runOnlyForDeploymentPostprocessing = 0;
		};
/* End PBXResourcesBuildPhase section */

/* Begin PBXSourcesBuildPhase section */
		F104B9CF28E562FA00A2C276 /* Sources */ = {
			isa = PBXSourcesBuildPhase;
			buildActionMask = 2147483647;
			files = (
				F1D716AE28E6C9690095EF7D /* BookmarksViewController.swift in Sources */,
				F1EFE72C28E9F929004338E6 /* ArticleListViewModel.swift in Sources */,
				F1AF2F4E28E9B74B00297C3E /* ListViewModelProtocols.swift in Sources */,
				F153629428E963C1008C0F5C /* ListItemEntity.swift in Sources */,
				F1D716B128E6CC0C0095EF7D /* BookmarksTableViewCell.swift in Sources */,
				F1582DC228E618FD0016D4F1 /* ListTableViewCell.swift in Sources */,
				F19D9AB828EAC086001E0F4D /* FlightSearchModel.swift in Sources */,
				F1AF2F4928E9AEF400297C3E /* HotelDetailsViewModel.swift in Sources */,
				F1AF2F5228E9B85A00297C3E /* FlightDetailsViewModel.swift in Sources */,
				F1EFE72728E9F86E004338E6 /* ArticleListModel.swift in Sources */,
				F104B9DB28E562FA00A2C276 /* HomeViewController.swift in Sources */,
				F18FF2B728EA01EC00423D76 /* ArticleDetailsModel.swift in Sources */,
				F19D9AC828EAD87D001E0F4D /* BookmarkListModel.swift in Sources */,
				F1FD6D3D28E9800700D8DBEA /* FlightListModel.swift in Sources */,
				F104B9D728E562FA00A2C276 /* AppDelegate.swift in Sources */,
				F153629128E8D303008C0F5C /* HotelListModel.swift in Sources */,
				F1AF2F4528E9AD9D00297C3E /* DetailsScreenEntity.swift in Sources */,
				F19D9AB628EAB7F8001E0F4D /* SearchViewModelProtocols.swift in Sources */,
				F153628D28E8D279008C0F5C /* HotelListViewModel.swift in Sources */,
				F19D9ACD28EAD94D001E0F4D /* BookmarkListViewModel.swift in Sources */,
				F19D9AC228EAD42E001E0F4D /* BookmarkListDataModel.xcdatamodeld in Sources */,
				F1585B9428E97E16001B23DC /* FlightEntity.swift in Sources */,
				F104B9D928E562FA00A2C276 /* SceneDelegate.swift in Sources */,
				F19D9ABD28EAD330001E0F4D /* CoreDataStack.swift in Sources */,
				F1D716B628E6E24D0095EF7D /* SearchViewController.swift in Sources */,
				F13CA10528E6C3DB00347497 /* DetailsViewController.swift in Sources */,
				F18FF2B928EA027D00423D76 /* ArticleDetailsViewModel.swift in Sources */,
				F1AF2F5428E9B8A200297C3E /* FlightDetailsModel.swift in Sources */,
				F1D716B928E6F4070095EF7D /* SearchTableViewCell.swift in Sources */,
				F19D9AAD28EAB2C5001E0F4D /* HotelSearchModel.swift in Sources */,
				F1FD6D3F28E9809A00D8DBEA /* FlightListViewModel.swift in Sources */,
				F153628F28E8D295008C0F5C /* HotelEntity.swift in Sources */,
				F1AF2F5028E9B78E00297C3E /* DetailsViewModelProtocols.swift in Sources */,
				F18FF2B428E9FF0F00423D76 /* ArticleCellEntity.swift in Sources */,
				F104B9EC28E5ACAE00A2C276 /* HomeCollectionViewCell.swift in Sources */,
				F13CA10728E6C41F00347497 /* Enums.swift in Sources */,
				F19D9ABF28EAD367001E0F4D /* BookmarkItemEntity.swift in Sources */,
				F19D9AB428EAB701001E0F4D /* HotelSearchViewModel.swift in Sources */,
				F19D9ABA28EAC266001E0F4D /* FlightSearchViewModel.swift in Sources */,
				F19D9AB228EAB69D001E0F4D /* SearchCellEntity.swift in Sources */,
				F1D716B428E6E2070095EF7D /* Extensions.swift in Sources */,
				F1582DBF28E618BA0016D4F1 /* ListViewController.swift in Sources */,
				F1EFE72928E9F8DD004338E6 /* ArticleEntity.swift in Sources */,
				F1AF2F4728E9AE1400297C3E /* HotelDetailsModel.swift in Sources */,
			);
			runOnlyForDeploymentPostprocessing = 0;
		};
/* End PBXSourcesBuildPhase section */

/* Begin PBXVariantGroup section */
		F104B9DC28E562FA00A2C276 /* Main.storyboard */ = {
			isa = PBXVariantGroup;
			children = (
				F104B9DD28E562FA00A2C276 /* Base */,
			);
			name = Main.storyboard;
			sourceTree = "<group>";
		};
		F104B9E128E562FC00A2C276 /* LaunchScreen.storyboard */ = {
			isa = PBXVariantGroup;
			children = (
				F104B9E228E562FC00A2C276 /* Base */,
			);
			name = LaunchScreen.storyboard;
			sourceTree = "<group>";
		};
/* End PBXVariantGroup section */

/* Begin XCBuildConfiguration section */
		F104B9E528E562FC00A2C276 /* Debug */ = {
			isa = XCBuildConfiguration;
			buildSettings = {
				ALWAYS_SEARCH_USER_PATHS = NO;
				CLANG_ANALYZER_NONNULL = YES;
				CLANG_ANALYZER_NUMBER_OBJECT_CONVERSION = YES_AGGRESSIVE;
				CLANG_CXX_LANGUAGE_STANDARD = "gnu++17";
				CLANG_ENABLE_MODULES = YES;
				CLANG_ENABLE_OBJC_ARC = YES;
				CLANG_ENABLE_OBJC_WEAK = YES;
				CLANG_WARN_BLOCK_CAPTURE_AUTORELEASING = YES;
				CLANG_WARN_BOOL_CONVERSION = YES;
				CLANG_WARN_COMMA = YES;
				CLANG_WARN_CONSTANT_CONVERSION = YES;
				CLANG_WARN_DEPRECATED_OBJC_IMPLEMENTATIONS = YES;
				CLANG_WARN_DIRECT_OBJC_ISA_USAGE = YES_ERROR;
				CLANG_WARN_DOCUMENTATION_COMMENTS = YES;
				CLANG_WARN_EMPTY_BODY = YES;
				CLANG_WARN_ENUM_CONVERSION = YES;
				CLANG_WARN_INFINITE_RECURSION = YES;
				CLANG_WARN_INT_CONVERSION = YES;
				CLANG_WARN_NON_LITERAL_NULL_CONVERSION = YES;
				CLANG_WARN_OBJC_IMPLICIT_RETAIN_SELF = YES;
				CLANG_WARN_OBJC_LITERAL_CONVERSION = YES;
				CLANG_WARN_OBJC_ROOT_CLASS = YES_ERROR;
				CLANG_WARN_QUOTED_INCLUDE_IN_FRAMEWORK_HEADER = YES;
				CLANG_WARN_RANGE_LOOP_ANALYSIS = YES;
				CLANG_WARN_STRICT_PROTOTYPES = YES;
				CLANG_WARN_SUSPICIOUS_MOVE = YES;
				CLANG_WARN_UNGUARDED_AVAILABILITY = YES_AGGRESSIVE;
				CLANG_WARN_UNREACHABLE_CODE = YES;
				CLANG_WARN__DUPLICATE_METHOD_MATCH = YES;
				COPY_PHASE_STRIP = NO;
				DEBUG_INFORMATION_FORMAT = dwarf;
				ENABLE_STRICT_OBJC_MSGSEND = YES;
				ENABLE_TESTABILITY = YES;
				GCC_C_LANGUAGE_STANDARD = gnu11;
				GCC_DYNAMIC_NO_PIC = NO;
				GCC_NO_COMMON_BLOCKS = YES;
				GCC_OPTIMIZATION_LEVEL = 0;
				GCC_PREPROCESSOR_DEFINITIONS = (
					"DEBUG=1",
					"$(inherited)",
				);
				GCC_WARN_64_TO_32_BIT_CONVERSION = YES;
				GCC_WARN_ABOUT_RETURN_TYPE = YES_ERROR;
				GCC_WARN_UNDECLARED_SELECTOR = YES;
				GCC_WARN_UNINITIALIZED_AUTOS = YES_AGGRESSIVE;
				GCC_WARN_UNUSED_FUNCTION = YES;
				GCC_WARN_UNUSED_VARIABLE = YES;
				IPHONEOS_DEPLOYMENT_TARGET = 15.5;
				MTL_ENABLE_DEBUG_INFO = INCLUDE_SOURCE;
				MTL_FAST_MATH = YES;
				ONLY_ACTIVE_ARCH = YES;
				SDKROOT = iphoneos;
				SWIFT_ACTIVE_COMPILATION_CONDITIONS = DEBUG;
				SWIFT_OPTIMIZATION_LEVEL = "-Onone";
			};
			name = Debug;
		};
		F104B9E628E562FC00A2C276 /* Release */ = {
			isa = XCBuildConfiguration;
			buildSettings = {
				ALWAYS_SEARCH_USER_PATHS = NO;
				CLANG_ANALYZER_NONNULL = YES;
				CLANG_ANALYZER_NUMBER_OBJECT_CONVERSION = YES_AGGRESSIVE;
				CLANG_CXX_LANGUAGE_STANDARD = "gnu++17";
				CLANG_ENABLE_MODULES = YES;
				CLANG_ENABLE_OBJC_ARC = YES;
				CLANG_ENABLE_OBJC_WEAK = YES;
				CLANG_WARN_BLOCK_CAPTURE_AUTORELEASING = YES;
				CLANG_WARN_BOOL_CONVERSION = YES;
				CLANG_WARN_COMMA = YES;
				CLANG_WARN_CONSTANT_CONVERSION = YES;
				CLANG_WARN_DEPRECATED_OBJC_IMPLEMENTATIONS = YES;
				CLANG_WARN_DIRECT_OBJC_ISA_USAGE = YES_ERROR;
				CLANG_WARN_DOCUMENTATION_COMMENTS = YES;
				CLANG_WARN_EMPTY_BODY = YES;
				CLANG_WARN_ENUM_CONVERSION = YES;
				CLANG_WARN_INFINITE_RECURSION = YES;
				CLANG_WARN_INT_CONVERSION = YES;
				CLANG_WARN_NON_LITERAL_NULL_CONVERSION = YES;
				CLANG_WARN_OBJC_IMPLICIT_RETAIN_SELF = YES;
				CLANG_WARN_OBJC_LITERAL_CONVERSION = YES;
				CLANG_WARN_OBJC_ROOT_CLASS = YES_ERROR;
				CLANG_WARN_QUOTED_INCLUDE_IN_FRAMEWORK_HEADER = YES;
				CLANG_WARN_RANGE_LOOP_ANALYSIS = YES;
				CLANG_WARN_STRICT_PROTOTYPES = YES;
				CLANG_WARN_SUSPICIOUS_MOVE = YES;
				CLANG_WARN_UNGUARDED_AVAILABILITY = YES_AGGRESSIVE;
				CLANG_WARN_UNREACHABLE_CODE = YES;
				CLANG_WARN__DUPLICATE_METHOD_MATCH = YES;
				COPY_PHASE_STRIP = NO;
				DEBUG_INFORMATION_FORMAT = "dwarf-with-dsym";
				ENABLE_NS_ASSERTIONS = NO;
				ENABLE_STRICT_OBJC_MSGSEND = YES;
				GCC_C_LANGUAGE_STANDARD = gnu11;
				GCC_NO_COMMON_BLOCKS = YES;
				GCC_WARN_64_TO_32_BIT_CONVERSION = YES;
				GCC_WARN_ABOUT_RETURN_TYPE = YES_ERROR;
				GCC_WARN_UNDECLARED_SELECTOR = YES;
				GCC_WARN_UNINITIALIZED_AUTOS = YES_AGGRESSIVE;
				GCC_WARN_UNUSED_FUNCTION = YES;
				GCC_WARN_UNUSED_VARIABLE = YES;
				IPHONEOS_DEPLOYMENT_TARGET = 15.5;
				MTL_ENABLE_DEBUG_INFO = NO;
				MTL_FAST_MATH = YES;
				SDKROOT = iphoneos;
				SWIFT_COMPILATION_MODE = wholemodule;
				SWIFT_OPTIMIZATION_LEVEL = "-O";
				VALIDATE_PRODUCT = YES;
			};
			name = Release;
		};
		F104B9E828E562FC00A2C276 /* Debug */ = {
			isa = XCBuildConfiguration;
			buildSettings = {
				ASSETCATALOG_COMPILER_APPICON_NAME = AppIcon;
				ASSETCATALOG_COMPILER_GLOBAL_ACCENT_COLOR_NAME = AccentColor;
				CODE_SIGN_STYLE = Automatic;
				CURRENT_PROJECT_VERSION = 1;
				DEVELOPMENT_TEAM = A9S7ZDQSZC;
				GENERATE_INFOPLIST_FILE = YES;
				INFOPLIST_FILE = "fmss-ios-bootcamp-homework-4/Info.plist";
				INFOPLIST_KEY_CFBundleDisplayName = "Travel App New";
				INFOPLIST_KEY_UIApplicationSupportsIndirectInputEvents = YES;
				INFOPLIST_KEY_UILaunchStoryboardName = LaunchScreen;
				INFOPLIST_KEY_UIMainStoryboardFile = Main;
				INFOPLIST_KEY_UISupportedInterfaceOrientations = UIInterfaceOrientationPortrait;
				INFOPLIST_KEY_UISupportedInterfaceOrientations_iPad = "UIInterfaceOrientationPortrait UIInterfaceOrientationPortraitUpsideDown UIInterfaceOrientationLandscapeLeft UIInterfaceOrientationLandscapeRight";
				INFOPLIST_KEY_UISupportedInterfaceOrientations_iPhone = "UIInterfaceOrientationPortrait UIInterfaceOrientationLandscapeLeft UIInterfaceOrientationLandscapeRight";
				LD_RUNPATH_SEARCH_PATHS = (
					"$(inherited)",
					"@executable_path/Frameworks",
				);
				MARKETING_VERSION = 1.0;
				PRODUCT_BUNDLE_IDENTIFIER = "com.sametkoyuncu.fmss-ios-bootcamp-homework-4";
				PRODUCT_NAME = "$(TARGET_NAME)";
				SWIFT_EMIT_LOC_STRINGS = YES;
				SWIFT_VERSION = 5.0;
				TARGETED_DEVICE_FAMILY = 1;
			};
			name = Debug;
		};
		F104B9E928E562FC00A2C276 /* Release */ = {
			isa = XCBuildConfiguration;
			buildSettings = {
				ASSETCATALOG_COMPILER_APPICON_NAME = AppIcon;
				ASSETCATALOG_COMPILER_GLOBAL_ACCENT_COLOR_NAME = AccentColor;
				CODE_SIGN_STYLE = Automatic;
				CURRENT_PROJECT_VERSION = 1;
				DEVELOPMENT_TEAM = A9S7ZDQSZC;
				GENERATE_INFOPLIST_FILE = YES;
				INFOPLIST_FILE = "fmss-ios-bootcamp-homework-4/Info.plist";
				INFOPLIST_KEY_CFBundleDisplayName = "Travel App New";
				INFOPLIST_KEY_UIApplicationSupportsIndirectInputEvents = YES;
				INFOPLIST_KEY_UILaunchStoryboardName = LaunchScreen;
				INFOPLIST_KEY_UIMainStoryboardFile = Main;
				INFOPLIST_KEY_UISupportedInterfaceOrientations = UIInterfaceOrientationPortrait;
				INFOPLIST_KEY_UISupportedInterfaceOrientations_iPad = "UIInterfaceOrientationPortrait UIInterfaceOrientationPortraitUpsideDown UIInterfaceOrientationLandscapeLeft UIInterfaceOrientationLandscapeRight";
				INFOPLIST_KEY_UISupportedInterfaceOrientations_iPhone = "UIInterfaceOrientationPortrait UIInterfaceOrientationLandscapeLeft UIInterfaceOrientationLandscapeRight";
				LD_RUNPATH_SEARCH_PATHS = (
					"$(inherited)",
					"@executable_path/Frameworks",
				);
				MARKETING_VERSION = 1.0;
				PRODUCT_BUNDLE_IDENTIFIER = "com.sametkoyuncu.fmss-ios-bootcamp-homework-4";
				PRODUCT_NAME = "$(TARGET_NAME)";
				SWIFT_EMIT_LOC_STRINGS = YES;
				SWIFT_VERSION = 5.0;
				TARGETED_DEVICE_FAMILY = 1;
			};
			name = Release;
		};
/* End XCBuildConfiguration section */

/* Begin XCConfigurationList section */
		F104B9CE28E562FA00A2C276 /* Build configuration list for PBXProject "fmss-ios-bootcamp-homework-4" */ = {
			isa = XCConfigurationList;
			buildConfigurations = (
				F104B9E528E562FC00A2C276 /* Debug */,
				F104B9E628E562FC00A2C276 /* Release */,
			);
			defaultConfigurationIsVisible = 0;
			defaultConfigurationName = Release;
		};
		F104B9E728E562FC00A2C276 /* Build configuration list for PBXNativeTarget "fmss-ios-bootcamp-homework-4" */ = {
			isa = XCConfigurationList;
			buildConfigurations = (
				F104B9E828E562FC00A2C276 /* Debug */,
				F104B9E928E562FC00A2C276 /* Release */,
			);
			defaultConfigurationIsVisible = 0;
			defaultConfigurationName = Release;
		};
/* End XCConfigurationList section */

/* Begin XCVersionGroup section */
		F19D9AC028EAD42E001E0F4D /* BookmarkListDataModel.xcdatamodeld */ = {
			isa = XCVersionGroup;
			children = (
				F19D9AC128EAD42E001E0F4D /* BookmarkListDataModel.xcdatamodel */,
			);
			currentVersion = F19D9AC128EAD42E001E0F4D /* BookmarkListDataModel.xcdatamodel */;
			path = BookmarkListDataModel.xcdatamodeld;
			sourceTree = "<group>";
			versionGroupType = wrapper.xcdatamodel;
		};
/* End XCVersionGroup section */
	};
	rootObject = F104B9CB28E562FA00A2C276 /* Project object */;
}
