// !$*UTF8*$!
{
	archiveVersion = 1;
	classes = {
	};
	objectVersion = 55;
	objects = {

/* Begin PBXBuildFile section */
		F104B9D728E562FA00A2C276 /* AppDelegate.swift in Sources */ = {isa = PBXBuildFile; fileRef = F104B9D628E562FA00A2C276 /* AppDelegate.swift */; };
		F104B9D928E562FA00A2C276 /* SceneDelegate.swift in Sources */ = {isa = PBXBuildFile; fileRef = F104B9D828E562FA00A2C276 /* SceneDelegate.swift */; };
		F104B9DB28E562FA00A2C276 /* HomeViewController.swift in Sources */ = {isa = PBXBuildFile; fileRef = F104B9DA28E562FA00A2C276 /* HomeViewController.swift */; };
		F104B9DE28E562FA00A2C276 /* Main.storyboard in Resources */ = {isa = PBXBuildFile; fileRef = F104B9DC28E562FA00A2C276 /* Main.storyboard */; };
		F104B9E028E562FC00A2C276 /* Assets.xcassets in Resources */ = {isa = PBXBuildFile; fileRef = F104B9DF28E562FC00A2C276 /* Assets.xcassets */; };
		F104B9E328E562FC00A2C276 /* LaunchScreen.storyboard in Resources */ = {isa = PBXBuildFile; fileRef = F104B9E128E562FC00A2C276 /* LaunchScreen.storyboard */; };
		F104B9EC28E5ACAE00A2C276 /* HomeCollectionViewCell.swift in Sources */ = {isa = PBXBuildFile; fileRef = F104B9EA28E5ACAE00A2C276 /* HomeCollectionViewCell.swift */; };
		F104B9ED28E5ACAE00A2C276 /* HomeCollectionViewCell.xib in Resources */ = {isa = PBXBuildFile; fileRef = F104B9EB28E5ACAE00A2C276 /* HomeCollectionViewCell.xib */; };
		F13CA10528E6C3DB00347497 /* DetailsViewController.swift in Sources */ = {isa = PBXBuildFile; fileRef = F13CA10428E6C3DB00347497 /* DetailsViewController.swift */; };
		F13CA10728E6C41F00347497 /* Enums.swift in Sources */ = {isa = PBXBuildFile; fileRef = F13CA10628E6C41F00347497 /* Enums.swift */; };
		F153627A28E8BB4D008C0F5C /* CoinEntity.swift in Sources */ = {isa = PBXBuildFile; fileRef = F153627928E8BB4D008C0F5C /* CoinEntity.swift */; };
		F153627C28E8BBFB008C0F5C /* CoinManager.swift in Sources */ = {isa = PBXBuildFile; fileRef = F153627B28E8BBFB008C0F5C /* CoinManager.swift */; };
		F153627E28E8BE99008C0F5C /* data.json in Resources */ = {isa = PBXBuildFile; fileRef = F153627D28E8BE99008C0F5C /* data.json */; };
		F153628828E8D1B2008C0F5C /* hotels.json in Resources */ = {isa = PBXBuildFile; fileRef = F153628728E8D1B2008C0F5C /* hotels.json */; };
		F1582DBF28E618BA0016D4F1 /* ListViewController.swift in Sources */ = {isa = PBXBuildFile; fileRef = F1582DBE28E618BA0016D4F1 /* ListViewController.swift */; };
		F1582DC228E618FD0016D4F1 /* ListTableViewCell.swift in Sources */ = {isa = PBXBuildFile; fileRef = F1582DC028E618FD0016D4F1 /* ListTableViewCell.swift */; };
		F1582DC328E618FD0016D4F1 /* ListTableViewCell.xib in Resources */ = {isa = PBXBuildFile; fileRef = F1582DC128E618FD0016D4F1 /* ListTableViewCell.xib */; };
		F1D716AE28E6C9690095EF7D /* BookmarksViewController.swift in Sources */ = {isa = PBXBuildFile; fileRef = F1D716AD28E6C9690095EF7D /* BookmarksViewController.swift */; };
		F1D716B128E6CC0C0095EF7D /* BookmarksTableViewCell.swift in Sources */ = {isa = PBXBuildFile; fileRef = F1D716AF28E6CC0C0095EF7D /* BookmarksTableViewCell.swift */; };
		F1D716B228E6CC0C0095EF7D /* BookmarksTableViewCell.xib in Resources */ = {isa = PBXBuildFile; fileRef = F1D716B028E6CC0C0095EF7D /* BookmarksTableViewCell.xib */; };
		F1D716B428E6E2070095EF7D /* Extensions.swift in Sources */ = {isa = PBXBuildFile; fileRef = F1D716B328E6E2070095EF7D /* Extensions.swift */; };
		F1D716B628E6E24D0095EF7D /* SearchViewController.swift in Sources */ = {isa = PBXBuildFile; fileRef = F1D716B528E6E24D0095EF7D /* SearchViewController.swift */; };
		F1D716B928E6F4070095EF7D /* SearchTableViewCell.swift in Sources */ = {isa = PBXBuildFile; fileRef = F1D716B728E6F4070095EF7D /* SearchTableViewCell.swift */; };
		F1D716BA28E6F4070095EF7D /* SearchTableViewCell.xib in Resources */ = {isa = PBXBuildFile; fileRef = F1D716B828E6F4070095EF7D /* SearchTableViewCell.xib */; };
/* End PBXBuildFile section */

/* Begin PBXFileReference section */
		F104B9D328E562FA00A2C276 /* fmss-ios-bootcamp-homework-4.app */ = {isa = PBXFileReference; explicitFileType = wrapper.application; includeInIndex = 0; path = "fmss-ios-bootcamp-homework-4.app"; sourceTree = BUILT_PRODUCTS_DIR; };
		F104B9D628E562FA00A2C276 /* AppDelegate.swift */ = {isa = PBXFileReference; lastKnownFileType = sourcecode.swift; path = AppDelegate.swift; sourceTree = "<group>"; };
		F104B9D828E562FA00A2C276 /* SceneDelegate.swift */ = {isa = PBXFileReference; lastKnownFileType = sourcecode.swift; path = SceneDelegate.swift; sourceTree = "<group>"; };
		F104B9DA28E562FA00A2C276 /* HomeViewController.swift */ = {isa = PBXFileReference; lastKnownFileType = sourcecode.swift; path = HomeViewController.swift; sourceTree = "<group>"; };
		F104B9DD28E562FA00A2C276 /* Base */ = {isa = PBXFileReference; lastKnownFileType = file.storyboard; name = Base; path = Base.lproj/Main.storyboard; sourceTree = "<group>"; };
		F104B9DF28E562FC00A2C276 /* Assets.xcassets */ = {isa = PBXFileReference; lastKnownFileType = folder.assetcatalog; path = Assets.xcassets; sourceTree = "<group>"; };
		F104B9E228E562FC00A2C276 /* Base */ = {isa = PBXFileReference; lastKnownFileType = file.storyboard; name = Base; path = Base.lproj/LaunchScreen.storyboard; sourceTree = "<group>"; };
		F104B9E428E562FC00A2C276 /* Info.plist */ = {isa = PBXFileReference; lastKnownFileType = text.plist.xml; path = Info.plist; sourceTree = "<group>"; };
		F104B9EA28E5ACAE00A2C276 /* HomeCollectionViewCell.swift */ = {isa = PBXFileReference; lastKnownFileType = sourcecode.swift; path = HomeCollectionViewCell.swift; sourceTree = "<group>"; };
		F104B9EB28E5ACAE00A2C276 /* HomeCollectionViewCell.xib */ = {isa = PBXFileReference; lastKnownFileType = file.xib; path = HomeCollectionViewCell.xib; sourceTree = "<group>"; };
		F13CA10428E6C3DB00347497 /* DetailsViewController.swift */ = {isa = PBXFileReference; lastKnownFileType = sourcecode.swift; path = DetailsViewController.swift; sourceTree = "<group>"; };
		F13CA10628E6C41F00347497 /* Enums.swift */ = {isa = PBXFileReference; lastKnownFileType = sourcecode.swift; path = Enums.swift; sourceTree = "<group>"; };
		F153627928E8BB4D008C0F5C /* CoinEntity.swift */ = {isa = PBXFileReference; lastKnownFileType = sourcecode.swift; path = CoinEntity.swift; sourceTree = "<group>"; };
		F153627B28E8BBFB008C0F5C /* CoinManager.swift */ = {isa = PBXFileReference; lastKnownFileType = sourcecode.swift; path = CoinManager.swift; sourceTree = "<group>"; };
		F153627D28E8BE99008C0F5C /* data.json */ = {isa = PBXFileReference; fileEncoding = 4; lastKnownFileType = text.json; name = data.json; path = "fmss-ios-bootcamp-homework-4/LocalJSONTestModule/data.json"; sourceTree = SOURCE_ROOT; };
		F153628728E8D1B2008C0F5C /* hotels.json */ = {isa = PBXFileReference; fileEncoding = 4; lastKnownFileType = text.json; path = hotels.json; sourceTree = SOURCE_ROOT; };
		F1582DBE28E618BA0016D4F1 /* ListViewController.swift */ = {isa = PBXFileReference; lastKnownFileType = sourcecode.swift; path = ListViewController.swift; sourceTree = "<group>"; };
		F1582DC028E618FD0016D4F1 /* ListTableViewCell.swift */ = {isa = PBXFileReference; lastKnownFileType = sourcecode.swift; path = ListTableViewCell.swift; sourceTree = "<group>"; };
		F1582DC128E618FD0016D4F1 /* ListTableViewCell.xib */ = {isa = PBXFileReference; lastKnownFileType = file.xib; path = ListTableViewCell.xib; sourceTree = "<group>"; };
		F1D716AD28E6C9690095EF7D /* BookmarksViewController.swift */ = {isa = PBXFileReference; lastKnownFileType = sourcecode.swift; path = BookmarksViewController.swift; sourceTree = "<group>"; };
		F1D716AF28E6CC0C0095EF7D /* BookmarksTableViewCell.swift */ = {isa = PBXFileReference; lastKnownFileType = sourcecode.swift; path = BookmarksTableViewCell.swift; sourceTree = "<group>"; };
		F1D716B028E6CC0C0095EF7D /* BookmarksTableViewCell.xib */ = {isa = PBXFileReference; lastKnownFileType = file.xib; path = BookmarksTableViewCell.xib; sourceTree = "<group>"; };
		F1D716B328E6E2070095EF7D /* Extensions.swift */ = {isa = PBXFileReference; lastKnownFileType = sourcecode.swift; path = Extensions.swift; sourceTree = "<group>"; };
		F1D716B528E6E24D0095EF7D /* SearchViewController.swift */ = {isa = PBXFileReference; lastKnownFileType = sourcecode.swift; path = SearchViewController.swift; sourceTree = "<group>"; };
		F1D716B728E6F4070095EF7D /* SearchTableViewCell.swift */ = {isa = PBXFileReference; lastKnownFileType = sourcecode.swift; path = SearchTableViewCell.swift; sourceTree = "<group>"; };
		F1D716B828E6F4070095EF7D /* SearchTableViewCell.xib */ = {isa = PBXFileReference; lastKnownFileType = file.xib; path = SearchTableViewCell.xib; sourceTree = "<group>"; };
/* End PBXFileReference section */

/* Begin PBXFrameworksBuildPhase section */
		F104B9D028E562FA00A2C276 /* Frameworks */ = {
			isa = PBXFrameworksBuildPhase;
			buildActionMask = 2147483647;
			files = (
			);
			runOnlyForDeploymentPostprocessing = 0;
		};
/* End PBXFrameworksBuildPhase section */

/* Begin PBXGroup section */
		F104B9CA28E562FA00A2C276 = {
			isa = PBXGroup;
			children = (
				F104B9D528E562FA00A2C276 /* fmss-ios-bootcamp-homework-4 */,
				F104B9D428E562FA00A2C276 /* Products */,
			);
			sourceTree = "<group>";
		};
		F104B9D428E562FA00A2C276 /* Products */ = {
			isa = PBXGroup;
			children = (
				F104B9D328E562FA00A2C276 /* fmss-ios-bootcamp-homework-4.app */,
			);
			name = Products;
			sourceTree = "<group>";
		};
		F104B9D528E562FA00A2C276 /* fmss-ios-bootcamp-homework-4 */ = {
			isa = PBXGroup;
			children = (
				F153628628E8D18E008C0F5C /* LocalJSONFiles */,
				F153628528E8D005008C0F5C /* LocalJSONTestModule */,
				F181292628E71875009DB64F /* Resources */,
				F153627F28E8CF2A008C0F5C /* HomeModule */,
				F153628128E8CF53008C0F5C /* ListModule */,
				F153628228E8CF73008C0F5C /* DetailsModule */,
				F153628328E8CF8D008C0F5C /* SearchModule */,
				F153628428E8CFD6008C0F5C /* BookmarksModule */,
				F1D716B328E6E2070095EF7D /* Extensions.swift */,
				F13CA10628E6C41F00347497 /* Enums.swift */,
				F181292828E718A4009DB64F /* Supported Files */,
			);
			path = "fmss-ios-bootcamp-homework-4";
			sourceTree = "<group>";
		};
		F153627F28E8CF2A008C0F5C /* HomeModule */ = {
			isa = PBXGroup;
			children = (
				F104B9DA28E562FA00A2C276 /* HomeViewController.swift */,
				F104B9EA28E5ACAE00A2C276 /* HomeCollectionViewCell.swift */,
				F104B9EB28E5ACAE00A2C276 /* HomeCollectionViewCell.xib */,
			);
			path = HomeModule;
			sourceTree = "<group>";
		};
		F153628128E8CF53008C0F5C /* ListModule */ = {
			isa = PBXGroup;
			children = (
				F1582DBE28E618BA0016D4F1 /* ListViewController.swift */,
				F1582DC028E618FD0016D4F1 /* ListTableViewCell.swift */,
				F1582DC128E618FD0016D4F1 /* ListTableViewCell.xib */,
			);
			path = ListModule;
			sourceTree = "<group>";
		};
		F153628228E8CF73008C0F5C /* DetailsModule */ = {
			isa = PBXGroup;
			children = (
				F13CA10428E6C3DB00347497 /* DetailsViewController.swift */,
			);
			path = DetailsModule;
			sourceTree = "<group>";
		};
		F153628328E8CF8D008C0F5C /* SearchModule */ = {
			isa = PBXGroup;
			children = (
				F1D716B528E6E24D0095EF7D /* SearchViewController.swift */,
				F1D716B728E6F4070095EF7D /* SearchTableViewCell.swift */,
				F1D716B828E6F4070095EF7D /* SearchTableViewCell.xib */,
			);
			path = SearchModule;
			sourceTree = "<group>";
		};
		F153628428E8CFD6008C0F5C /* BookmarksModule */ = {
			isa = PBXGroup;
			children = (
				F1D716AD28E6C9690095EF7D /* BookmarksViewController.swift */,
				F1D716AF28E6CC0C0095EF7D /* BookmarksTableViewCell.swift */,
				F1D716B028E6CC0C0095EF7D /* BookmarksTableViewCell.xib */,
			);
			path = BookmarksModule;
			sourceTree = "<group>";
		};
		F153628528E8D005008C0F5C /* LocalJSONTestModule */ = {
			isa = PBXGroup;
			children = (
				F153627D28E8BE99008C0F5C /* data.json */,
				F153627928E8BB4D008C0F5C /* CoinEntity.swift */,
				F153627B28E8BBFB008C0F5C /* CoinManager.swift */,
			);
			path = LocalJSONTestModule;
			sourceTree = "<group>";
		};
		F153628628E8D18E008C0F5C /* LocalJSONFiles */ = {
			isa = PBXGroup;
			children = (
				F153628728E8D1B2008C0F5C /* hotels.json */,
			);
			path = LocalJSONFiles;
			sourceTree = "<group>";
		};
		F181292628E71875009DB64F /* Resources */ = {
			isa = PBXGroup;
			children = (
				F104B9DC28E562FA00A2C276 /* Main.storyboard */,
				F104B9DF28E562FC00A2C276 /* Assets.xcassets */,
				F104B9E128E562FC00A2C276 /* LaunchScreen.storyboard */,
			);
			path = Resources;
			sourceTree = "<group>";
		};
		F181292828E718A4009DB64F /* Supported Files */ = {
			isa = PBXGroup;
			children = (
				F104B9D628E562FA00A2C276 /* AppDelegate.swift */,
				F104B9D828E562FA00A2C276 /* SceneDelegate.swift */,
				F104B9E428E562FC00A2C276 /* Info.plist */,
			);
			name = "Supported Files";
			sourceTree = "<group>";
		};
/* End PBXGroup section */

/* Begin PBXNativeTarget section */
		F104B9D228E562FA00A2C276 /* fmss-ios-bootcamp-homework-4 */ = {
			isa = PBXNativeTarget;
			buildConfigurationList = F104B9E728E562FC00A2C276 /* Build configuration list for PBXNativeTarget "fmss-ios-bootcamp-homework-4" */;
			buildPhases = (
				F104B9CF28E562FA00A2C276 /* Sources */,
				F104B9D028E562FA00A2C276 /* Frameworks */,
				F104B9D128E562FA00A2C276 /* Resources */,
			);
			buildRules = (
			);
			dependencies = (
			);
			name = "fmss-ios-bootcamp-homework-4";
			productName = "fmss-ios-bootcamp-homework-4";
			productReference = F104B9D328E562FA00A2C276 /* fmss-ios-bootcamp-homework-4.app */;
			productType = "com.apple.product-type.application";
		};
/* End PBXNativeTarget section */

/* Begin PBXProject section */
		F104B9CB28E562FA00A2C276 /* Project object */ = {
			isa = PBXProject;
			attributes = {
				BuildIndependentTargetsInParallel = 1;
				LastSwiftUpdateCheck = 1340;
				LastUpgradeCheck = 1340;
				TargetAttributes = {
					F104B9D228E562FA00A2C276 = {
						CreatedOnToolsVersion = 13.4.1;
					};
				};
			};
			buildConfigurationList = F104B9CE28E562FA00A2C276 /* Build configuration list for PBXProject "fmss-ios-bootcamp-homework-4" */;
			compatibilityVersion = "Xcode 13.0";
			developmentRegion = en;
			hasScannedForEncodings = 0;
			knownRegions = (
				en,
				Base,
			);
			mainGroup = F104B9CA28E562FA00A2C276;
			productRefGroup = F104B9D428E562FA00A2C276 /* Products */;
			projectDirPath = "";
			projectRoot = "";
			targets = (
				F104B9D228E562FA00A2C276 /* fmss-ios-bootcamp-homework-4 */,
			);
		};
/* End PBXProject section */

/* Begin PBXResourcesBuildPhase section */
		F104B9D128E562FA00A2C276 /* Resources */ = {
			isa = PBXResourcesBuildPhase;
			buildActionMask = 2147483647;
			files = (
				F1582DC328E618FD0016D4F1 /* ListTableViewCell.xib in Resources */,
				F104B9E328E562FC00A2C276 /* LaunchScreen.storyboard in Resources */,
				F104B9E028E562FC00A2C276 /* Assets.xcassets in Resources */,
				F153627E28E8BE99008C0F5C /* data.json in Resources */,
				F104B9DE28E562FA00A2C276 /* Main.storyboard in Resources */,
				F1D716BA28E6F4070095EF7D /* SearchTableViewCell.xib in Resources */,
				F153628828E8D1B2008C0F5C /* hotels.json in Resources */,
				F104B9ED28E5ACAE00A2C276 /* HomeCollectionViewCell.xib in Resources */,
				F1D716B228E6CC0C0095EF7D /* BookmarksTableViewCell.xib in Resources */,
			);
			runOnlyForDeploymentPostprocessing = 0;
		};
/* End PBXResourcesBuildPhase section */

/* Begin PBXSourcesBuildPhase section */
		F104B9CF28E562FA00A2C276 /* Sources */ = {
			isa = PBXSourcesBuildPhase;
			buildActionMask = 2147483647;
			files = (
				F1D716AE28E6C9690095EF7D /* BookmarksViewController.swift in Sources */,
				F1D716B128E6CC0C0095EF7D /* BookmarksTableViewCell.swift in Sources */,
				F1582DC228E618FD0016D4F1 /* ListTableViewCell.swift in Sources */,
				F153627A28E8BB4D008C0F5C /* CoinEntity.swift in Sources */,
				F104B9DB28E562FA00A2C276 /* HomeViewController.swift in Sources */,
				F104B9D728E562FA00A2C276 /* AppDelegate.swift in Sources */,
				F104B9D928E562FA00A2C276 /* SceneDelegate.swift in Sources */,
				F1D716B628E6E24D0095EF7D /* SearchViewController.swift in Sources */,
				F13CA10528E6C3DB00347497 /* DetailsViewController.swift in Sources */,
				F1D716B928E6F4070095EF7D /* SearchTableViewCell.swift in Sources */,
				F104B9EC28E5ACAE00A2C276 /* HomeCollectionViewCell.swift in Sources */,
				F13CA10728E6C41F00347497 /* Enums.swift in Sources */,
				F1D716B428E6E2070095EF7D /* Extensions.swift in Sources */,
				F1582DBF28E618BA0016D4F1 /* ListViewController.swift in Sources */,
				F153627C28E8BBFB008C0F5C /* CoinManager.swift in Sources */,
			);
			runOnlyForDeploymentPostprocessing = 0;
		};
/* End PBXSourcesBuildPhase section */

/* Begin PBXVariantGroup section */
		F104B9DC28E562FA00A2C276 /* Main.storyboard */ = {
			isa = PBXVariantGroup;
			children = (
				F104B9DD28E562FA00A2C276 /* Base */,
			);
			name = Main.storyboard;
			sourceTree = "<group>";
		};
		F104B9E128E562FC00A2C276 /* LaunchScreen.storyboard */ = {
			isa = PBXVariantGroup;
			children = (
				F104B9E228E562FC00A2C276 /* Base */,
			);
			name = LaunchScreen.storyboard;
			sourceTree = "<group>";
		};
/* End PBXVariantGroup section */

/* Begin XCBuildConfiguration section */
		F104B9E528E562FC00A2C276 /* Debug */ = {
			isa = XCBuildConfiguration;
			buildSettings = {
				ALWAYS_SEARCH_USER_PATHS = NO;
				CLANG_ANALYZER_NONNULL = YES;
				CLANG_ANALYZER_NUMBER_OBJECT_CONVERSION = YES_AGGRESSIVE;
				CLANG_CXX_LANGUAGE_STANDARD = "gnu++17";
				CLANG_ENABLE_MODULES = YES;
				CLANG_ENABLE_OBJC_ARC = YES;
				CLANG_ENABLE_OBJC_WEAK = YES;
				CLANG_WARN_BLOCK_CAPTURE_AUTORELEASING = YES;
				CLANG_WARN_BOOL_CONVERSION = YES;
				CLANG_WARN_COMMA = YES;
				CLANG_WARN_CONSTANT_CONVERSION = YES;
				CLANG_WARN_DEPRECATED_OBJC_IMPLEMENTATIONS = YES;
				CLANG_WARN_DIRECT_OBJC_ISA_USAGE = YES_ERROR;
				CLANG_WARN_DOCUMENTATION_COMMENTS = YES;
				CLANG_WARN_EMPTY_BODY = YES;
				CLANG_WARN_ENUM_CONVERSION = YES;
				CLANG_WARN_INFINITE_RECURSION = YES;
				CLANG_WARN_INT_CONVERSION = YES;
				CLANG_WARN_NON_LITERAL_NULL_CONVERSION = YES;
				CLANG_WARN_OBJC_IMPLICIT_RETAIN_SELF = YES;
				CLANG_WARN_OBJC_LITERAL_CONVERSION = YES;
				CLANG_WARN_OBJC_ROOT_CLASS = YES_ERROR;
				CLANG_WARN_QUOTED_INCLUDE_IN_FRAMEWORK_HEADER = YES;
				CLANG_WARN_RANGE_LOOP_ANALYSIS = YES;
				CLANG_WARN_STRICT_PROTOTYPES = YES;
				CLANG_WARN_SUSPICIOUS_MOVE = YES;
				CLANG_WARN_UNGUARDED_AVAILABILITY = YES_AGGRESSIVE;
				CLANG_WARN_UNREACHABLE_CODE = YES;
				CLANG_WARN__DUPLICATE_METHOD_MATCH = YES;
				COPY_PHASE_STRIP = NO;
				DEBUG_INFORMATION_FORMAT = dwarf;
				ENABLE_STRICT_OBJC_MSGSEND = YES;
				ENABLE_TESTABILITY = YES;
				GCC_C_LANGUAGE_STANDARD = gnu11;
				GCC_DYNAMIC_NO_PIC = NO;
				GCC_NO_COMMON_BLOCKS = YES;
				GCC_OPTIMIZATION_LEVEL = 0;
				GCC_PREPROCESSOR_DEFINITIONS = (
					"DEBUG=1",
					"$(inherited)",
				);
				GCC_WARN_64_TO_32_BIT_CONVERSION = YES;
				GCC_WARN_ABOUT_RETURN_TYPE = YES_ERROR;
				GCC_WARN_UNDECLARED_SELECTOR = YES;
				GCC_WARN_UNINITIALIZED_AUTOS = YES_AGGRESSIVE;
				GCC_WARN_UNUSED_FUNCTION = YES;
				GCC_WARN_UNUSED_VARIABLE = YES;
				IPHONEOS_DEPLOYMENT_TARGET = 15.5;
				MTL_ENABLE_DEBUG_INFO = INCLUDE_SOURCE;
				MTL_FAST_MATH = YES;
				ONLY_ACTIVE_ARCH = YES;
				SDKROOT = iphoneos;
				SWIFT_ACTIVE_COMPILATION_CONDITIONS = DEBUG;
				SWIFT_OPTIMIZATION_LEVEL = "-Onone";
			};
			name = Debug;
		};
		F104B9E628E562FC00A2C276 /* Release */ = {
			isa = XCBuildConfiguration;
			buildSettings = {
				ALWAYS_SEARCH_USER_PATHS = NO;
				CLANG_ANALYZER_NONNULL = YES;
				CLANG_ANALYZER_NUMBER_OBJECT_CONVERSION = YES_AGGRESSIVE;
				CLANG_CXX_LANGUAGE_STANDARD = "gnu++17";
				CLANG_ENABLE_MODULES = YES;
				CLANG_ENABLE_OBJC_ARC = YES;
				CLANG_ENABLE_OBJC_WEAK = YES;
				CLANG_WARN_BLOCK_CAPTURE_AUTORELEASING = YES;
				CLANG_WARN_BOOL_CONVERSION = YES;
				CLANG_WARN_COMMA = YES;
				CLANG_WARN_CONSTANT_CONVERSION = YES;
				CLANG_WARN_DEPRECATED_OBJC_IMPLEMENTATIONS = YES;
				CLANG_WARN_DIRECT_OBJC_ISA_USAGE = YES_ERROR;
				CLANG_WARN_DOCUMENTATION_COMMENTS = YES;
				CLANG_WARN_EMPTY_BODY = YES;
				CLANG_WARN_ENUM_CONVERSION = YES;
				CLANG_WARN_INFINITE_RECURSION = YES;
				CLANG_WARN_INT_CONVERSION = YES;
				CLANG_WARN_NON_LITERAL_NULL_CONVERSION = YES;
				CLANG_WARN_OBJC_IMPLICIT_RETAIN_SELF = YES;
				CLANG_WARN_OBJC_LITERAL_CONVERSION = YES;
				CLANG_WARN_OBJC_ROOT_CLASS = YES_ERROR;
				CLANG_WARN_QUOTED_INCLUDE_IN_FRAMEWORK_HEADER = YES;
				CLANG_WARN_RANGE_LOOP_ANALYSIS = YES;
				CLANG_WARN_STRICT_PROTOTYPES = YES;
				CLANG_WARN_SUSPICIOUS_MOVE = YES;
				CLANG_WARN_UNGUARDED_AVAILABILITY = YES_AGGRESSIVE;
				CLANG_WARN_UNREACHABLE_CODE = YES;
				CLANG_WARN__DUPLICATE_METHOD_MATCH = YES;
				COPY_PHASE_STRIP = NO;
				DEBUG_INFORMATION_FORMAT = "dwarf-with-dsym";
				ENABLE_NS_ASSERTIONS = NO;
				ENABLE_STRICT_OBJC_MSGSEND = YES;
				GCC_C_LANGUAGE_STANDARD = gnu11;
				GCC_NO_COMMON_BLOCKS = YES;
				GCC_WARN_64_TO_32_BIT_CONVERSION = YES;
				GCC_WARN_ABOUT_RETURN_TYPE = YES_ERROR;
				GCC_WARN_UNDECLARED_SELECTOR = YES;
				GCC_WARN_UNINITIALIZED_AUTOS = YES_AGGRESSIVE;
				GCC_WARN_UNUSED_FUNCTION = YES;
				GCC_WARN_UNUSED_VARIABLE = YES;
				IPHONEOS_DEPLOYMENT_TARGET = 15.5;
				MTL_ENABLE_DEBUG_INFO = NO;
				MTL_FAST_MATH = YES;
				SDKROOT = iphoneos;
				SWIFT_COMPILATION_MODE = wholemodule;
				SWIFT_OPTIMIZATION_LEVEL = "-O";
				VALIDATE_PRODUCT = YES;
			};
			name = Release;
		};
		F104B9E828E562FC00A2C276 /* Debug */ = {
			isa = XCBuildConfiguration;
			buildSettings = {
				ASSETCATALOG_COMPILER_APPICON_NAME = AppIcon;
				ASSETCATALOG_COMPILER_GLOBAL_ACCENT_COLOR_NAME = AccentColor;
				CODE_SIGN_STYLE = Automatic;
				CURRENT_PROJECT_VERSION = 1;
				DEVELOPMENT_TEAM = A9S7ZDQSZC;
				GENERATE_INFOPLIST_FILE = YES;
				INFOPLIST_FILE = "fmss-ios-bootcamp-homework-4/Info.plist";
				INFOPLIST_KEY_CFBundleDisplayName = "Travel App";
				INFOPLIST_KEY_UIApplicationSupportsIndirectInputEvents = YES;
				INFOPLIST_KEY_UILaunchStoryboardName = LaunchScreen;
				INFOPLIST_KEY_UIMainStoryboardFile = Main;
				INFOPLIST_KEY_UISupportedInterfaceOrientations = UIInterfaceOrientationPortrait;
				INFOPLIST_KEY_UISupportedInterfaceOrientations_iPad = "UIInterfaceOrientationPortrait UIInterfaceOrientationPortraitUpsideDown UIInterfaceOrientationLandscapeLeft UIInterfaceOrientationLandscapeRight";
				INFOPLIST_KEY_UISupportedInterfaceOrientations_iPhone = "UIInterfaceOrientationPortrait UIInterfaceOrientationLandscapeLeft UIInterfaceOrientationLandscapeRight";
				LD_RUNPATH_SEARCH_PATHS = (
					"$(inherited)",
					"@executable_path/Frameworks",
				);
				MARKETING_VERSION = 1.0;
				PRODUCT_BUNDLE_IDENTIFIER = "com.sametkoyuncu.fmss-ios-bootcamp-homework-4";
				PRODUCT_NAME = "$(TARGET_NAME)";
				SWIFT_EMIT_LOC_STRINGS = YES;
				SWIFT_VERSION = 5.0;
				TARGETED_DEVICE_FAMILY = 1;
			};
			name = Debug;
		};
		F104B9E928E562FC00A2C276 /* Release */ = {
			isa = XCBuildConfiguration;
			buildSettings = {
				ASSETCATALOG_COMPILER_APPICON_NAME = AppIcon;
				ASSETCATALOG_COMPILER_GLOBAL_ACCENT_COLOR_NAME = AccentColor;
				CODE_SIGN_STYLE = Automatic;
				CURRENT_PROJECT_VERSION = 1;
				DEVELOPMENT_TEAM = A9S7ZDQSZC;
				GENERATE_INFOPLIST_FILE = YES;
				INFOPLIST_FILE = "fmss-ios-bootcamp-homework-4/Info.plist";
				INFOPLIST_KEY_CFBundleDisplayName = "Travel App";
				INFOPLIST_KEY_UIApplicationSupportsIndirectInputEvents = YES;
				INFOPLIST_KEY_UILaunchStoryboardName = LaunchScreen;
				INFOPLIST_KEY_UIMainStoryboardFile = Main;
				INFOPLIST_KEY_UISupportedInterfaceOrientations = UIInterfaceOrientationPortrait;
				INFOPLIST_KEY_UISupportedInterfaceOrientations_iPad = "UIInterfaceOrientationPortrait UIInterfaceOrientationPortraitUpsideDown UIInterfaceOrientationLandscapeLeft UIInterfaceOrientationLandscapeRight";
				INFOPLIST_KEY_UISupportedInterfaceOrientations_iPhone = "UIInterfaceOrientationPortrait UIInterfaceOrientationLandscapeLeft UIInterfaceOrientationLandscapeRight";
				LD_RUNPATH_SEARCH_PATHS = (
					"$(inherited)",
					"@executable_path/Frameworks",
				);
				MARKETING_VERSION = 1.0;
				PRODUCT_BUNDLE_IDENTIFIER = "com.sametkoyuncu.fmss-ios-bootcamp-homework-4";
				PRODUCT_NAME = "$(TARGET_NAME)";
				SWIFT_EMIT_LOC_STRINGS = YES;
				SWIFT_VERSION = 5.0;
				TARGETED_DEVICE_FAMILY = 1;
			};
			name = Release;
		};
/* End XCBuildConfiguration section */

/* Begin XCConfigurationList section */
		F104B9CE28E562FA00A2C276 /* Build configuration list for PBXProject "fmss-ios-bootcamp-homework-4" */ = {
			isa = XCConfigurationList;
			buildConfigurations = (
				F104B9E528E562FC00A2C276 /* Debug */,
				F104B9E628E562FC00A2C276 /* Release */,
			);
			defaultConfigurationIsVisible = 0;
			defaultConfigurationName = Release;
		};
		F104B9E728E562FC00A2C276 /* Build configuration list for PBXNativeTarget "fmss-ios-bootcamp-homework-4" */ = {
			isa = XCConfigurationList;
			buildConfigurations = (
				F104B9E828E562FC00A2C276 /* Debug */,
				F104B9E928E562FC00A2C276 /* Release */,
			);
			defaultConfigurationIsVisible = 0;
			defaultConfigurationName = Release;
		};
/* End XCConfigurationList section */
	};
	rootObject = F104B9CB28E562FA00A2C276 /* Project object */;
}
